
Microsoft Visual Studio Solution File, Format Version 12.00
# Visual Studio Version 17
VisualStudioVersion = 17.4.33122.133
MinimumVisualStudioVersion = 10.0.40219.1
Project("{9A19103F-16F7-4668-BE54-9A1E7A4F7556}") = "bbxp.lib", "bbxp.lib\bbxp.lib.csproj", "{2BCD3C36-F17F-49A0-AC0D-4CFBC0C17BC1}"
EndProject
Project("{9A19103F-16F7-4668-BE54-9A1E7A4F7556}") = "bbxp.cli.migration", "bbxp.cli.migration\bbxp.cli.migration.csproj", "{8ED4147B-8250-4623-B9A7-1420506AC1FF}"
EndProject
Project("{9A19103F-16F7-4668-BE54-9A1E7A4F7556}") = "bbxp.web.mvc", "bbxp.web.mvc\bbxp.web.mvc.csproj", "{74093657-8D8B-4496-8723-C3DA82721419}"
EndProject
Project("{9A19103F-16F7-4668-BE54-9A1E7A4F7556}") = "bbxp.web.api", "bbxp.web.api\bbxp.web.api.csproj", "{354E102C-5DBA-40E7-AF5B-50917928A01D}"
EndProject
Project("{2150E333-8FDC-42A3-9474-1A3956D46DE8}") = "Solution Items", "Solution Items", "{50E38DC9-C4B3-439C-B8E3-2A38FDE52F27}"
	ProjectSection(SolutionItems) = preProject
		.github\workflows\cicd.yml = .github\workflows\cicd.yml
		config\deployment.yml = config\deployment.yml
		config\production_issuer.yml = config\production_issuer.yml
	EndProjectSection
EndProject
Project("{9A19103F-16F7-4668-BE54-9A1E7A4F7556}") = "bbxp.desktop.windows", "bbxp.desktop.windows\bbxp.desktop.windows.csproj", "{9D1C1AFE-414C-44DC-8AE6-E2BAB074EE3D}"
EndProject
Project("{9A19103F-16F7-4668-BE54-9A1E7A4F7556}") = "bbxp.unittests", "bbxp.unittests\bbxp.unittests.csproj", "{E816EDB6-9D67-4882-9156-2E486789A271}"
EndProject
Global
	GlobalSection(SolutionConfigurationPlatforms) = preSolution
		Ad-Hoc|Any CPU = Ad-Hoc|Any CPU
		Ad-Hoc|ARM = Ad-Hoc|ARM
		Ad-Hoc|iPhone = Ad-Hoc|iPhone
		Ad-Hoc|iPhoneSimulator = Ad-Hoc|iPhoneSimulator
		Ad-Hoc|x64 = Ad-Hoc|x64
		Ad-Hoc|x86 = Ad-Hoc|x86
		AppStore|Any CPU = AppStore|Any CPU
		AppStore|ARM = AppStore|ARM
		AppStore|iPhone = AppStore|iPhone
		AppStore|iPhoneSimulator = AppStore|iPhoneSimulator
		AppStore|x64 = AppStore|x64
		AppStore|x86 = AppStore|x86
		Debug|Any CPU = Debug|Any CPU
		Debug|ARM = Debug|ARM
		Debug|iPhone = Debug|iPhone
		Debug|iPhoneSimulator = Debug|iPhoneSimulator
		Debug|x64 = Debug|x64
		Debug|x86 = Debug|x86
		Release|Any CPU = Release|Any CPU
		Release|ARM = Release|ARM
		Release|iPhone = Release|iPhone
		Release|iPhoneSimulator = Release|iPhoneSimulator
		Release|x64 = Release|x64
		Release|x86 = Release|x86
	EndGlobalSection
	GlobalSection(ProjectConfigurationPlatforms) = postSolution
		{2BCD3C36-F17F-49A0-AC0D-4CFBC0C17BC1}.Ad-Hoc|Any CPU.ActiveCfg = Debug|Any CPU
		{2BCD3C36-F17F-49A0-AC0D-4CFBC0C17BC1}.Ad-Hoc|Any CPU.Build.0 = Debug|Any CPU
		{2BCD3C36-F17F-49A0-AC0D-4CFBC0C17BC1}.Ad-Hoc|ARM.ActiveCfg = Debug|Any CPU
		{2BCD3C36-F17F-49A0-AC0D-4CFBC0C17BC1}.Ad-Hoc|ARM.Build.0 = Debug|Any CPU
		{2BCD3C36-F17F-49A0-AC0D-4CFBC0C17BC1}.Ad-Hoc|iPhone.ActiveCfg = Debug|Any CPU
		{2BCD3C36-F17F-49A0-AC0D-4CFBC0C17BC1}.Ad-Hoc|iPhone.Build.0 = Debug|Any CPU
		{2BCD3C36-F17F-49A0-AC0D-4CFBC0C17BC1}.Ad-Hoc|iPhoneSimulator.ActiveCfg = Debug|Any CPU
		{2BCD3C36-F17F-49A0-AC0D-4CFBC0C17BC1}.Ad-Hoc|iPhoneSimulator.Build.0 = Debug|Any CPU
		{2BCD3C36-F17F-49A0-AC0D-4CFBC0C17BC1}.Ad-Hoc|x64.ActiveCfg = Debug|Any CPU
		{2BCD3C36-F17F-49A0-AC0D-4CFBC0C17BC1}.Ad-Hoc|x64.Build.0 = Debug|Any CPU
		{2BCD3C36-F17F-49A0-AC0D-4CFBC0C17BC1}.Ad-Hoc|x86.ActiveCfg = Debug|Any CPU
		{2BCD3C36-F17F-49A0-AC0D-4CFBC0C17BC1}.Ad-Hoc|x86.Build.0 = Debug|Any CPU
		{2BCD3C36-F17F-49A0-AC0D-4CFBC0C17BC1}.AppStore|Any CPU.ActiveCfg = Debug|Any CPU
		{2BCD3C36-F17F-49A0-AC0D-4CFBC0C17BC1}.AppStore|Any CPU.Build.0 = Debug|Any CPU
		{2BCD3C36-F17F-49A0-AC0D-4CFBC0C17BC1}.AppStore|ARM.ActiveCfg = Debug|Any CPU
		{2BCD3C36-F17F-49A0-AC0D-4CFBC0C17BC1}.AppStore|ARM.Build.0 = Debug|Any CPU
		{2BCD3C36-F17F-49A0-AC0D-4CFBC0C17BC1}.AppStore|iPhone.ActiveCfg = Debug|Any CPU
		{2BCD3C36-F17F-49A0-AC0D-4CFBC0C17BC1}.AppStore|iPhone.Build.0 = Debug|Any CPU
		{2BCD3C36-F17F-49A0-AC0D-4CFBC0C17BC1}.AppStore|iPhoneSimulator.ActiveCfg = Debug|Any CPU
		{2BCD3C36-F17F-49A0-AC0D-4CFBC0C17BC1}.AppStore|iPhoneSimulator.Build.0 = Debug|Any CPU
		{2BCD3C36-F17F-49A0-AC0D-4CFBC0C17BC1}.AppStore|x64.ActiveCfg = Debug|Any CPU
		{2BCD3C36-F17F-49A0-AC0D-4CFBC0C17BC1}.AppStore|x64.Build.0 = Debug|Any CPU
		{2BCD3C36-F17F-49A0-AC0D-4CFBC0C17BC1}.AppStore|x86.ActiveCfg = Debug|Any CPU
		{2BCD3C36-F17F-49A0-AC0D-4CFBC0C17BC1}.AppStore|x86.Build.0 = Debug|Any CPU
		{2BCD3C36-F17F-49A0-AC0D-4CFBC0C17BC1}.Debug|Any CPU.ActiveCfg = Debug|Any CPU
		{2BCD3C36-F17F-49A0-AC0D-4CFBC0C17BC1}.Debug|Any CPU.Build.0 = Debug|Any CPU
		{2BCD3C36-F17F-49A0-AC0D-4CFBC0C17BC1}.Debug|ARM.ActiveCfg = Debug|Any CPU
		{2BCD3C36-F17F-49A0-AC0D-4CFBC0C17BC1}.Debug|ARM.Build.0 = Debug|Any CPU
		{2BCD3C36-F17F-49A0-AC0D-4CFBC0C17BC1}.Debug|iPhone.ActiveCfg = Debug|Any CPU
		{2BCD3C36-F17F-49A0-AC0D-4CFBC0C17BC1}.Debug|iPhone.Build.0 = Debug|Any CPU
		{2BCD3C36-F17F-49A0-AC0D-4CFBC0C17BC1}.Debug|iPhoneSimulator.ActiveCfg = Debug|Any CPU
		{2BCD3C36-F17F-49A0-AC0D-4CFBC0C17BC1}.Debug|iPhoneSimulator.Build.0 = Debug|Any CPU
		{2BCD3C36-F17F-49A0-AC0D-4CFBC0C17BC1}.Debug|x64.ActiveCfg = Debug|Any CPU
		{2BCD3C36-F17F-49A0-AC0D-4CFBC0C17BC1}.Debug|x64.Build.0 = Debug|Any CPU
		{2BCD3C36-F17F-49A0-AC0D-4CFBC0C17BC1}.Debug|x86.ActiveCfg = Debug|Any CPU
		{2BCD3C36-F17F-49A0-AC0D-4CFBC0C17BC1}.Debug|x86.Build.0 = Debug|Any CPU
		{2BCD3C36-F17F-49A0-AC0D-4CFBC0C17BC1}.Release|Any CPU.ActiveCfg = Release|Any CPU
		{2BCD3C36-F17F-49A0-AC0D-4CFBC0C17BC1}.Release|Any CPU.Build.0 = Release|Any CPU
		{2BCD3C36-F17F-49A0-AC0D-4CFBC0C17BC1}.Release|ARM.ActiveCfg = Release|Any CPU
		{2BCD3C36-F17F-49A0-AC0D-4CFBC0C17BC1}.Release|ARM.Build.0 = Release|Any CPU
		{2BCD3C36-F17F-49A0-AC0D-4CFBC0C17BC1}.Release|iPhone.ActiveCfg = Release|Any CPU
		{2BCD3C36-F17F-49A0-AC0D-4CFBC0C17BC1}.Release|iPhone.Build.0 = Release|Any CPU
		{2BCD3C36-F17F-49A0-AC0D-4CFBC0C17BC1}.Release|iPhoneSimulator.ActiveCfg = Release|Any CPU
		{2BCD3C36-F17F-49A0-AC0D-4CFBC0C17BC1}.Release|iPhoneSimulator.Build.0 = Release|Any CPU
		{2BCD3C36-F17F-49A0-AC0D-4CFBC0C17BC1}.Release|x64.ActiveCfg = Release|Any CPU
		{2BCD3C36-F17F-49A0-AC0D-4CFBC0C17BC1}.Release|x64.Build.0 = Release|Any CPU
		{2BCD3C36-F17F-49A0-AC0D-4CFBC0C17BC1}.Release|x86.ActiveCfg = Release|Any CPU
		{2BCD3C36-F17F-49A0-AC0D-4CFBC0C17BC1}.Release|x86.Build.0 = Release|Any CPU
		{8ED4147B-8250-4623-B9A7-1420506AC1FF}.Ad-Hoc|Any CPU.ActiveCfg = Debug|Any CPU
		{8ED4147B-8250-4623-B9A7-1420506AC1FF}.Ad-Hoc|Any CPU.Build.0 = Debug|Any CPU
		{8ED4147B-8250-4623-B9A7-1420506AC1FF}.Ad-Hoc|ARM.ActiveCfg = Debug|Any CPU
		{8ED4147B-8250-4623-B9A7-1420506AC1FF}.Ad-Hoc|ARM.Build.0 = Debug|Any CPU
		{8ED4147B-8250-4623-B9A7-1420506AC1FF}.Ad-Hoc|iPhone.ActiveCfg = Debug|Any CPU
		{8ED4147B-8250-4623-B9A7-1420506AC1FF}.Ad-Hoc|iPhone.Build.0 = Debug|Any CPU
		{8ED4147B-8250-4623-B9A7-1420506AC1FF}.Ad-Hoc|iPhoneSimulator.ActiveCfg = Debug|Any CPU
		{8ED4147B-8250-4623-B9A7-1420506AC1FF}.Ad-Hoc|iPhoneSimulator.Build.0 = Debug|Any CPU
		{8ED4147B-8250-4623-B9A7-1420506AC1FF}.Ad-Hoc|x64.ActiveCfg = Debug|Any CPU
		{8ED4147B-8250-4623-B9A7-1420506AC1FF}.Ad-Hoc|x64.Build.0 = Debug|Any CPU
		{8ED4147B-8250-4623-B9A7-1420506AC1FF}.Ad-Hoc|x86.ActiveCfg = Debug|Any CPU
		{8ED4147B-8250-4623-B9A7-1420506AC1FF}.Ad-Hoc|x86.Build.0 = Debug|Any CPU
		{8ED4147B-8250-4623-B9A7-1420506AC1FF}.AppStore|Any CPU.ActiveCfg = Debug|Any CPU
		{8ED4147B-8250-4623-B9A7-1420506AC1FF}.AppStore|Any CPU.Build.0 = Debug|Any CPU
		{8ED4147B-8250-4623-B9A7-1420506AC1FF}.AppStore|ARM.ActiveCfg = Debug|Any CPU
		{8ED4147B-8250-4623-B9A7-1420506AC1FF}.AppStore|ARM.Build.0 = Debug|Any CPU
		{8ED4147B-8250-4623-B9A7-1420506AC1FF}.AppStore|iPhone.ActiveCfg = Debug|Any CPU
		{8ED4147B-8250-4623-B9A7-1420506AC1FF}.AppStore|iPhone.Build.0 = Debug|Any CPU
		{8ED4147B-8250-4623-B9A7-1420506AC1FF}.AppStore|iPhoneSimulator.ActiveCfg = Debug|Any CPU
		{8ED4147B-8250-4623-B9A7-1420506AC1FF}.AppStore|iPhoneSimulator.Build.0 = Debug|Any CPU
		{8ED4147B-8250-4623-B9A7-1420506AC1FF}.AppStore|x64.ActiveCfg = Debug|Any CPU
		{8ED4147B-8250-4623-B9A7-1420506AC1FF}.AppStore|x64.Build.0 = Debug|Any CPU
		{8ED4147B-8250-4623-B9A7-1420506AC1FF}.AppStore|x86.ActiveCfg = Debug|Any CPU
		{8ED4147B-8250-4623-B9A7-1420506AC1FF}.AppStore|x86.Build.0 = Debug|Any CPU
		{8ED4147B-8250-4623-B9A7-1420506AC1FF}.Debug|Any CPU.ActiveCfg = Debug|Any CPU
		{8ED4147B-8250-4623-B9A7-1420506AC1FF}.Debug|Any CPU.Build.0 = Debug|Any CPU
		{8ED4147B-8250-4623-B9A7-1420506AC1FF}.Debug|ARM.ActiveCfg = Debug|Any CPU
		{8ED4147B-8250-4623-B9A7-1420506AC1FF}.Debug|ARM.Build.0 = Debug|Any CPU
		{8ED4147B-8250-4623-B9A7-1420506AC1FF}.Debug|iPhone.ActiveCfg = Debug|Any CPU
		{8ED4147B-8250-4623-B9A7-1420506AC1FF}.Debug|iPhone.Build.0 = Debug|Any CPU
		{8ED4147B-8250-4623-B9A7-1420506AC1FF}.Debug|iPhoneSimulator.ActiveCfg = Debug|Any CPU
		{8ED4147B-8250-4623-B9A7-1420506AC1FF}.Debug|iPhoneSimulator.Build.0 = Debug|Any CPU
		{8ED4147B-8250-4623-B9A7-1420506AC1FF}.Debug|x64.ActiveCfg = Debug|Any CPU
		{8ED4147B-8250-4623-B9A7-1420506AC1FF}.Debug|x64.Build.0 = Debug|Any CPU
		{8ED4147B-8250-4623-B9A7-1420506AC1FF}.Debug|x86.ActiveCfg = Debug|Any CPU
		{8ED4147B-8250-4623-B9A7-1420506AC1FF}.Debug|x86.Build.0 = Debug|Any CPU
		{8ED4147B-8250-4623-B9A7-1420506AC1FF}.Release|Any CPU.ActiveCfg = Release|Any CPU
		{8ED4147B-8250-4623-B9A7-1420506AC1FF}.Release|Any CPU.Build.0 = Release|Any CPU
		{8ED4147B-8250-4623-B9A7-1420506AC1FF}.Release|ARM.ActiveCfg = Release|Any CPU
		{8ED4147B-8250-4623-B9A7-1420506AC1FF}.Release|ARM.Build.0 = Release|Any CPU
		{8ED4147B-8250-4623-B9A7-1420506AC1FF}.Release|iPhone.ActiveCfg = Release|Any CPU
		{8ED4147B-8250-4623-B9A7-1420506AC1FF}.Release|iPhone.Build.0 = Release|Any CPU
		{8ED4147B-8250-4623-B9A7-1420506AC1FF}.Release|iPhoneSimulator.ActiveCfg = Release|Any CPU
		{8ED4147B-8250-4623-B9A7-1420506AC1FF}.Release|iPhoneSimulator.Build.0 = Release|Any CPU
		{8ED4147B-8250-4623-B9A7-1420506AC1FF}.Release|x64.ActiveCfg = Release|Any CPU
		{8ED4147B-8250-4623-B9A7-1420506AC1FF}.Release|x64.Build.0 = Release|Any CPU
		{8ED4147B-8250-4623-B9A7-1420506AC1FF}.Release|x86.ActiveCfg = Release|Any CPU
		{8ED4147B-8250-4623-B9A7-1420506AC1FF}.Release|x86.Build.0 = Release|Any CPU
		{74093657-8D8B-4496-8723-C3DA82721419}.Ad-Hoc|Any CPU.ActiveCfg = Debug|Any CPU
		{74093657-8D8B-4496-8723-C3DA82721419}.Ad-Hoc|Any CPU.Build.0 = Debug|Any CPU
		{74093657-8D8B-4496-8723-C3DA82721419}.Ad-Hoc|ARM.ActiveCfg = Debug|Any CPU
		{74093657-8D8B-4496-8723-C3DA82721419}.Ad-Hoc|ARM.Build.0 = Debug|Any CPU
		{74093657-8D8B-4496-8723-C3DA82721419}.Ad-Hoc|iPhone.ActiveCfg = Debug|Any CPU
		{74093657-8D8B-4496-8723-C3DA82721419}.Ad-Hoc|iPhone.Build.0 = Debug|Any CPU
		{74093657-8D8B-4496-8723-C3DA82721419}.Ad-Hoc|iPhoneSimulator.ActiveCfg = Debug|Any CPU
		{74093657-8D8B-4496-8723-C3DA82721419}.Ad-Hoc|iPhoneSimulator.Build.0 = Debug|Any CPU
		{74093657-8D8B-4496-8723-C3DA82721419}.Ad-Hoc|x64.ActiveCfg = Debug|Any CPU
		{74093657-8D8B-4496-8723-C3DA82721419}.Ad-Hoc|x64.Build.0 = Debug|Any CPU
		{74093657-8D8B-4496-8723-C3DA82721419}.Ad-Hoc|x86.ActiveCfg = Debug|Any CPU
		{74093657-8D8B-4496-8723-C3DA82721419}.Ad-Hoc|x86.Build.0 = Debug|Any CPU
		{74093657-8D8B-4496-8723-C3DA82721419}.AppStore|Any CPU.ActiveCfg = Debug|Any CPU
		{74093657-8D8B-4496-8723-C3DA82721419}.AppStore|Any CPU.Build.0 = Debug|Any CPU
		{74093657-8D8B-4496-8723-C3DA82721419}.AppStore|ARM.ActiveCfg = Debug|Any CPU
		{74093657-8D8B-4496-8723-C3DA82721419}.AppStore|ARM.Build.0 = Debug|Any CPU
		{74093657-8D8B-4496-8723-C3DA82721419}.AppStore|iPhone.ActiveCfg = Debug|Any CPU
		{74093657-8D8B-4496-8723-C3DA82721419}.AppStore|iPhone.Build.0 = Debug|Any CPU
		{74093657-8D8B-4496-8723-C3DA82721419}.AppStore|iPhoneSimulator.ActiveCfg = Debug|Any CPU
		{74093657-8D8B-4496-8723-C3DA82721419}.AppStore|iPhoneSimulator.Build.0 = Debug|Any CPU
		{74093657-8D8B-4496-8723-C3DA82721419}.AppStore|x64.ActiveCfg = Debug|Any CPU
		{74093657-8D8B-4496-8723-C3DA82721419}.AppStore|x64.Build.0 = Debug|Any CPU
		{74093657-8D8B-4496-8723-C3DA82721419}.AppStore|x86.ActiveCfg = Debug|Any CPU
		{74093657-8D8B-4496-8723-C3DA82721419}.AppStore|x86.Build.0 = Debug|Any CPU
		{74093657-8D8B-4496-8723-C3DA82721419}.Debug|Any CPU.ActiveCfg = Debug|Any CPU
		{74093657-8D8B-4496-8723-C3DA82721419}.Debug|Any CPU.Build.0 = Debug|Any CPU
		{74093657-8D8B-4496-8723-C3DA82721419}.Debug|ARM.ActiveCfg = Debug|Any CPU
		{74093657-8D8B-4496-8723-C3DA82721419}.Debug|ARM.Build.0 = Debug|Any CPU
		{74093657-8D8B-4496-8723-C3DA82721419}.Debug|iPhone.ActiveCfg = Debug|Any CPU
		{74093657-8D8B-4496-8723-C3DA82721419}.Debug|iPhone.Build.0 = Debug|Any CPU
		{74093657-8D8B-4496-8723-C3DA82721419}.Debug|iPhoneSimulator.ActiveCfg = Debug|Any CPU
		{74093657-8D8B-4496-8723-C3DA82721419}.Debug|iPhoneSimulator.Build.0 = Debug|Any CPU
		{74093657-8D8B-4496-8723-C3DA82721419}.Debug|x64.ActiveCfg = Debug|Any CPU
		{74093657-8D8B-4496-8723-C3DA82721419}.Debug|x64.Build.0 = Debug|Any CPU
		{74093657-8D8B-4496-8723-C3DA82721419}.Debug|x86.ActiveCfg = Debug|Any CPU
		{74093657-8D8B-4496-8723-C3DA82721419}.Debug|x86.Build.0 = Debug|Any CPU
		{74093657-8D8B-4496-8723-C3DA82721419}.Release|Any CPU.ActiveCfg = Release|Any CPU
		{74093657-8D8B-4496-8723-C3DA82721419}.Release|Any CPU.Build.0 = Release|Any CPU
		{74093657-8D8B-4496-8723-C3DA82721419}.Release|ARM.ActiveCfg = Release|Any CPU
		{74093657-8D8B-4496-8723-C3DA82721419}.Release|ARM.Build.0 = Release|Any CPU
		{74093657-8D8B-4496-8723-C3DA82721419}.Release|iPhone.ActiveCfg = Release|Any CPU
		{74093657-8D8B-4496-8723-C3DA82721419}.Release|iPhone.Build.0 = Release|Any CPU
		{74093657-8D8B-4496-8723-C3DA82721419}.Release|iPhoneSimulator.ActiveCfg = Release|Any CPU
		{74093657-8D8B-4496-8723-C3DA82721419}.Release|iPhoneSimulator.Build.0 = Release|Any CPU
		{74093657-8D8B-4496-8723-C3DA82721419}.Release|x64.ActiveCfg = Release|Any CPU
		{74093657-8D8B-4496-8723-C3DA82721419}.Release|x64.Build.0 = Release|Any CPU
		{74093657-8D8B-4496-8723-C3DA82721419}.Release|x86.ActiveCfg = Release|Any CPU
		{74093657-8D8B-4496-8723-C3DA82721419}.Release|x86.Build.0 = Release|Any CPU
		{354E102C-5DBA-40E7-AF5B-50917928A01D}.Ad-Hoc|Any CPU.ActiveCfg = Debug|Any CPU
		{354E102C-5DBA-40E7-AF5B-50917928A01D}.Ad-Hoc|Any CPU.Build.0 = Debug|Any CPU
		{354E102C-5DBA-40E7-AF5B-50917928A01D}.Ad-Hoc|ARM.ActiveCfg = Debug|Any CPU
		{354E102C-5DBA-40E7-AF5B-50917928A01D}.Ad-Hoc|ARM.Build.0 = Debug|Any CPU
		{354E102C-5DBA-40E7-AF5B-50917928A01D}.Ad-Hoc|iPhone.ActiveCfg = Debug|Any CPU
		{354E102C-5DBA-40E7-AF5B-50917928A01D}.Ad-Hoc|iPhone.Build.0 = Debug|Any CPU
		{354E102C-5DBA-40E7-AF5B-50917928A01D}.Ad-Hoc|iPhoneSimulator.ActiveCfg = Debug|Any CPU
		{354E102C-5DBA-40E7-AF5B-50917928A01D}.Ad-Hoc|iPhoneSimulator.Build.0 = Debug|Any CPU
		{354E102C-5DBA-40E7-AF5B-50917928A01D}.Ad-Hoc|x64.ActiveCfg = Debug|Any CPU
		{354E102C-5DBA-40E7-AF5B-50917928A01D}.Ad-Hoc|x64.Build.0 = Debug|Any CPU
		{354E102C-5DBA-40E7-AF5B-50917928A01D}.Ad-Hoc|x86.ActiveCfg = Debug|Any CPU
		{354E102C-5DBA-40E7-AF5B-50917928A01D}.Ad-Hoc|x86.Build.0 = Debug|Any CPU
		{354E102C-5DBA-40E7-AF5B-50917928A01D}.AppStore|Any CPU.ActiveCfg = Debug|Any CPU
		{354E102C-5DBA-40E7-AF5B-50917928A01D}.AppStore|Any CPU.Build.0 = Debug|Any CPU
		{354E102C-5DBA-40E7-AF5B-50917928A01D}.AppStore|ARM.ActiveCfg = Debug|Any CPU
		{354E102C-5DBA-40E7-AF5B-50917928A01D}.AppStore|ARM.Build.0 = Debug|Any CPU
		{354E102C-5DBA-40E7-AF5B-50917928A01D}.AppStore|iPhone.ActiveCfg = Debug|Any CPU
		{354E102C-5DBA-40E7-AF5B-50917928A01D}.AppStore|iPhone.Build.0 = Debug|Any CPU
		{354E102C-5DBA-40E7-AF5B-50917928A01D}.AppStore|iPhoneSimulator.ActiveCfg = Debug|Any CPU
		{354E102C-5DBA-40E7-AF5B-50917928A01D}.AppStore|iPhoneSimulator.Build.0 = Debug|Any CPU
		{354E102C-5DBA-40E7-AF5B-50917928A01D}.AppStore|x64.ActiveCfg = Debug|Any CPU
		{354E102C-5DBA-40E7-AF5B-50917928A01D}.AppStore|x64.Build.0 = Debug|Any CPU
		{354E102C-5DBA-40E7-AF5B-50917928A01D}.AppStore|x86.ActiveCfg = Debug|Any CPU
		{354E102C-5DBA-40E7-AF5B-50917928A01D}.AppStore|x86.Build.0 = Debug|Any CPU
		{354E102C-5DBA-40E7-AF5B-50917928A01D}.Debug|Any CPU.ActiveCfg = Debug|Any CPU
		{354E102C-5DBA-40E7-AF5B-50917928A01D}.Debug|Any CPU.Build.0 = Debug|Any CPU
		{354E102C-5DBA-40E7-AF5B-50917928A01D}.Debug|ARM.ActiveCfg = Debug|Any CPU
		{354E102C-5DBA-40E7-AF5B-50917928A01D}.Debug|ARM.Build.0 = Debug|Any CPU
		{354E102C-5DBA-40E7-AF5B-50917928A01D}.Debug|iPhone.ActiveCfg = Debug|Any CPU
		{354E102C-5DBA-40E7-AF5B-50917928A01D}.Debug|iPhone.Build.0 = Debug|Any CPU
		{354E102C-5DBA-40E7-AF5B-50917928A01D}.Debug|iPhoneSimulator.ActiveCfg = Debug|Any CPU
		{354E102C-5DBA-40E7-AF5B-50917928A01D}.Debug|iPhoneSimulator.Build.0 = Debug|Any CPU
		{354E102C-5DBA-40E7-AF5B-50917928A01D}.Debug|x64.ActiveCfg = Debug|Any CPU
		{354E102C-5DBA-40E7-AF5B-50917928A01D}.Debug|x64.Build.0 = Debug|Any CPU
		{354E102C-5DBA-40E7-AF5B-50917928A01D}.Debug|x86.ActiveCfg = Debug|Any CPU
		{354E102C-5DBA-40E7-AF5B-50917928A01D}.Debug|x86.Build.0 = Debug|Any CPU
		{354E102C-5DBA-40E7-AF5B-50917928A01D}.Release|Any CPU.ActiveCfg = Release|Any CPU
		{354E102C-5DBA-40E7-AF5B-50917928A01D}.Release|Any CPU.Build.0 = Release|Any CPU
		{354E102C-5DBA-40E7-AF5B-50917928A01D}.Release|ARM.ActiveCfg = Release|Any CPU
		{354E102C-5DBA-40E7-AF5B-50917928A01D}.Release|ARM.Build.0 = Release|Any CPU
		{354E102C-5DBA-40E7-AF5B-50917928A01D}.Release|iPhone.ActiveCfg = Release|Any CPU
		{354E102C-5DBA-40E7-AF5B-50917928A01D}.Release|iPhone.Build.0 = Release|Any CPU
		{354E102C-5DBA-40E7-AF5B-50917928A01D}.Release|iPhoneSimulator.ActiveCfg = Release|Any CPU
		{354E102C-5DBA-40E7-AF5B-50917928A01D}.Release|iPhoneSimulator.Build.0 = Release|Any CPU
		{354E102C-5DBA-40E7-AF5B-50917928A01D}.Release|x64.ActiveCfg = Release|Any CPU
		{354E102C-5DBA-40E7-AF5B-50917928A01D}.Release|x64.Build.0 = Release|Any CPU
		{354E102C-5DBA-40E7-AF5B-50917928A01D}.Release|x86.ActiveCfg = Release|Any CPU
		{354E102C-5DBA-40E7-AF5B-50917928A01D}.Release|x86.Build.0 = Release|Any CPU
		{9D1C1AFE-414C-44DC-8AE6-E2BAB074EE3D}.Ad-Hoc|Any CPU.ActiveCfg = Debug|Any CPU
		{9D1C1AFE-414C-44DC-8AE6-E2BAB074EE3D}.Ad-Hoc|Any CPU.Build.0 = Debug|Any CPU
		{9D1C1AFE-414C-44DC-8AE6-E2BAB074EE3D}.Ad-Hoc|ARM.ActiveCfg = Debug|Any CPU
		{9D1C1AFE-414C-44DC-8AE6-E2BAB074EE3D}.Ad-Hoc|ARM.Build.0 = Debug|Any CPU
		{9D1C1AFE-414C-44DC-8AE6-E2BAB074EE3D}.Ad-Hoc|iPhone.ActiveCfg = Debug|Any CPU
		{9D1C1AFE-414C-44DC-8AE6-E2BAB074EE3D}.Ad-Hoc|iPhone.Build.0 = Debug|Any CPU
		{9D1C1AFE-414C-44DC-8AE6-E2BAB074EE3D}.Ad-Hoc|iPhoneSimulator.ActiveCfg = Debug|Any CPU
		{9D1C1AFE-414C-44DC-8AE6-E2BAB074EE3D}.Ad-Hoc|iPhoneSimulator.Build.0 = Debug|Any CPU
		{9D1C1AFE-414C-44DC-8AE6-E2BAB074EE3D}.Ad-Hoc|x64.ActiveCfg = Debug|Any CPU
		{9D1C1AFE-414C-44DC-8AE6-E2BAB074EE3D}.Ad-Hoc|x64.Build.0 = Debug|Any CPU
		{9D1C1AFE-414C-44DC-8AE6-E2BAB074EE3D}.Ad-Hoc|x86.ActiveCfg = Debug|Any CPU
		{9D1C1AFE-414C-44DC-8AE6-E2BAB074EE3D}.Ad-Hoc|x86.Build.0 = Debug|Any CPU
		{9D1C1AFE-414C-44DC-8AE6-E2BAB074EE3D}.AppStore|Any CPU.ActiveCfg = Debug|Any CPU
		{9D1C1AFE-414C-44DC-8AE6-E2BAB074EE3D}.AppStore|Any CPU.Build.0 = Debug|Any CPU
		{9D1C1AFE-414C-44DC-8AE6-E2BAB074EE3D}.AppStore|ARM.ActiveCfg = Debug|Any CPU
		{9D1C1AFE-414C-44DC-8AE6-E2BAB074EE3D}.AppStore|ARM.Build.0 = Debug|Any CPU
		{9D1C1AFE-414C-44DC-8AE6-E2BAB074EE3D}.AppStore|iPhone.ActiveCfg = Debug|Any CPU
		{9D1C1AFE-414C-44DC-8AE6-E2BAB074EE3D}.AppStore|iPhone.Build.0 = Debug|Any CPU
		{9D1C1AFE-414C-44DC-8AE6-E2BAB074EE3D}.AppStore|iPhoneSimulator.ActiveCfg = Debug|Any CPU
		{9D1C1AFE-414C-44DC-8AE6-E2BAB074EE3D}.AppStore|iPhoneSimulator.Build.0 = Debug|Any CPU
		{9D1C1AFE-414C-44DC-8AE6-E2BAB074EE3D}.AppStore|x64.ActiveCfg = Debug|Any CPU
		{9D1C1AFE-414C-44DC-8AE6-E2BAB074EE3D}.AppStore|x64.Build.0 = Debug|Any CPU
		{9D1C1AFE-414C-44DC-8AE6-E2BAB074EE3D}.AppStore|x86.ActiveCfg = Debug|Any CPU
		{9D1C1AFE-414C-44DC-8AE6-E2BAB074EE3D}.AppStore|x86.Build.0 = Debug|Any CPU
		{9D1C1AFE-414C-44DC-8AE6-E2BAB074EE3D}.Debug|Any CPU.ActiveCfg = Debug|Any CPU
		{9D1C1AFE-414C-44DC-8AE6-E2BAB074EE3D}.Debug|Any CPU.Build.0 = Debug|Any CPU
		{9D1C1AFE-414C-44DC-8AE6-E2BAB074EE3D}.Debug|ARM.ActiveCfg = Debug|Any CPU
		{9D1C1AFE-414C-44DC-8AE6-E2BAB074EE3D}.Debug|ARM.Build.0 = Debug|Any CPU
		{9D1C1AFE-414C-44DC-8AE6-E2BAB074EE3D}.Debug|iPhone.ActiveCfg = Debug|Any CPU
		{9D1C1AFE-414C-44DC-8AE6-E2BAB074EE3D}.Debug|iPhone.Build.0 = Debug|Any CPU
		{9D1C1AFE-414C-44DC-8AE6-E2BAB074EE3D}.Debug|iPhoneSimulator.ActiveCfg = Debug|Any CPU
		{9D1C1AFE-414C-44DC-8AE6-E2BAB074EE3D}.Debug|iPhoneSimulator.Build.0 = Debug|Any CPU
		{9D1C1AFE-414C-44DC-8AE6-E2BAB074EE3D}.Debug|x64.ActiveCfg = Debug|Any CPU
		{9D1C1AFE-414C-44DC-8AE6-E2BAB074EE3D}.Debug|x64.Build.0 = Debug|Any CPU
		{9D1C1AFE-414C-44DC-8AE6-E2BAB074EE3D}.Debug|x86.ActiveCfg = Debug|Any CPU
		{9D1C1AFE-414C-44DC-8AE6-E2BAB074EE3D}.Debug|x86.Build.0 = Debug|Any CPU
		{9D1C1AFE-414C-44DC-8AE6-E2BAB074EE3D}.Release|Any CPU.ActiveCfg = Release|Any CPU
		{9D1C1AFE-414C-44DC-8AE6-E2BAB074EE3D}.Release|Any CPU.Build.0 = Release|Any CPU
		{9D1C1AFE-414C-44DC-8AE6-E2BAB074EE3D}.Release|ARM.ActiveCfg = Release|Any CPU
		{9D1C1AFE-414C-44DC-8AE6-E2BAB074EE3D}.Release|ARM.Build.0 = Release|Any CPU
		{9D1C1AFE-414C-44DC-8AE6-E2BAB074EE3D}.Release|iPhone.ActiveCfg = Release|Any CPU
		{9D1C1AFE-414C-44DC-8AE6-E2BAB074EE3D}.Release|iPhone.Build.0 = Release|Any CPU
		{9D1C1AFE-414C-44DC-8AE6-E2BAB074EE3D}.Release|iPhoneSimulator.ActiveCfg = Release|Any CPU
		{9D1C1AFE-414C-44DC-8AE6-E2BAB074EE3D}.Release|iPhoneSimulator.Build.0 = Release|Any CPU
		{9D1C1AFE-414C-44DC-8AE6-E2BAB074EE3D}.Release|x64.ActiveCfg = Release|Any CPU
		{9D1C1AFE-414C-44DC-8AE6-E2BAB074EE3D}.Release|x64.Build.0 = Release|Any CPU
		{9D1C1AFE-414C-44DC-8AE6-E2BAB074EE3D}.Release|x86.ActiveCfg = Release|Any CPU
		{9D1C1AFE-414C-44DC-8AE6-E2BAB074EE3D}.Release|x86.Build.0 = Release|Any CPU
		{E816EDB6-9D67-4882-9156-2E486789A271}.Ad-Hoc|Any CPU.ActiveCfg = Debug|Any CPU
		{E816EDB6-9D67-4882-9156-2E486789A271}.Ad-Hoc|Any CPU.Build.0 = Debug|Any CPU
		{E816EDB6-9D67-4882-9156-2E486789A271}.Ad-Hoc|ARM.ActiveCfg = Debug|Any CPU
		{E816EDB6-9D67-4882-9156-2E486789A271}.Ad-Hoc|ARM.Build.0 = Debug|Any CPU
		{E816EDB6-9D67-4882-9156-2E486789A271}.Ad-Hoc|iPhone.ActiveCfg = Debug|Any CPU
		{E816EDB6-9D67-4882-9156-2E486789A271}.Ad-Hoc|iPhone.Build.0 = Debug|Any CPU
		{E816EDB6-9D67-4882-9156-2E486789A271}.Ad-Hoc|iPhoneSimulator.ActiveCfg = Debug|Any CPU
		{E816EDB6-9D67-4882-9156-2E486789A271}.Ad-Hoc|iPhoneSimulator.Build.0 = Debug|Any CPU
		{E816EDB6-9D67-4882-9156-2E486789A271}.Ad-Hoc|x64.ActiveCfg = Debug|Any CPU
		{E816EDB6-9D67-4882-9156-2E486789A271}.Ad-Hoc|x64.Build.0 = Debug|Any CPU
		{E816EDB6-9D67-4882-9156-2E486789A271}.Ad-Hoc|x86.ActiveCfg = Debug|Any CPU
		{E816EDB6-9D67-4882-9156-2E486789A271}.Ad-Hoc|x86.Build.0 = Debug|Any CPU
		{E816EDB6-9D67-4882-9156-2E486789A271}.AppStore|Any CPU.ActiveCfg = Debug|Any CPU
		{E816EDB6-9D67-4882-9156-2E486789A271}.AppStore|Any CPU.Build.0 = Debug|Any CPU
		{E816EDB6-9D67-4882-9156-2E486789A271}.AppStore|ARM.ActiveCfg = Debug|Any CPU
		{E816EDB6-9D67-4882-9156-2E486789A271}.AppStore|ARM.Build.0 = Debug|Any CPU
		{E816EDB6-9D67-4882-9156-2E486789A271}.AppStore|iPhone.ActiveCfg = Debug|Any CPU
		{E816EDB6-9D67-4882-9156-2E486789A271}.AppStore|iPhone.Build.0 = Debug|Any CPU
		{E816EDB6-9D67-4882-9156-2E486789A271}.AppStore|iPhoneSimulator.ActiveCfg = Debug|Any CPU
		{E816EDB6-9D67-4882-9156-2E486789A271}.AppStore|iPhoneSimulator.Build.0 = Debug|Any CPU
		{E816EDB6-9D67-4882-9156-2E486789A271}.AppStore|x64.ActiveCfg = Debug|Any CPU
		{E816EDB6-9D67-4882-9156-2E486789A271}.AppStore|x64.Build.0 = Debug|Any CPU
		{E816EDB6-9D67-4882-9156-2E486789A271}.AppStore|x86.ActiveCfg = Debug|Any CPU
		{E816EDB6-9D67-4882-9156-2E486789A271}.AppStore|x86.Build.0 = Debug|Any CPU
		{E816EDB6-9D67-4882-9156-2E486789A271}.Debug|Any CPU.ActiveCfg = Debug|Any CPU
		{E816EDB6-9D67-4882-9156-2E486789A271}.Debug|Any CPU.Build.0 = Debug|Any CPU
		{E816EDB6-9D67-4882-9156-2E486789A271}.Debug|ARM.ActiveCfg = Debug|Any CPU
		{E816EDB6-9D67-4882-9156-2E486789A271}.Debug|ARM.Build.0 = Debug|Any CPU
		{E816EDB6-9D67-4882-9156-2E486789A271}.Debug|iPhone.ActiveCfg = Debug|Any CPU
		{E816EDB6-9D67-4882-9156-2E486789A271}.Debug|iPhone.Build.0 = Debug|Any CPU
		{E816EDB6-9D67-4882-9156-2E486789A271}.Debug|iPhoneSimulator.ActiveCfg = Debug|Any CPU
		{E816EDB6-9D67-4882-9156-2E486789A271}.Debug|iPhoneSimulator.Build.0 = Debug|Any CPU
		{E816EDB6-9D67-4882-9156-2E486789A271}.Debug|x64.ActiveCfg = Debug|Any CPU
		{E816EDB6-9D67-4882-9156-2E486789A271}.Debug|x64.Build.0 = Debug|Any CPU
		{E816EDB6-9D67-4882-9156-2E486789A271}.Debug|x86.ActiveCfg = Debug|Any CPU
		{E816EDB6-9D67-4882-9156-2E486789A271}.Debug|x86.Build.0 = Debug|Any CPU
		{E816EDB6-9D67-4882-9156-2E486789A271}.Release|Any CPU.ActiveCfg = Release|Any CPU
		{E816EDB6-9D67-4882-9156-2E486789A271}.Release|Any CPU.Build.0 = Release|Any CPU
		{E816EDB6-9D67-4882-9156-2E486789A271}.Release|ARM.ActiveCfg = Release|Any CPU
		{E816EDB6-9D67-4882-9156-2E486789A271}.Release|ARM.Build.0 = Release|Any CPU
		{E816EDB6-9D67-4882-9156-2E486789A271}.Release|iPhone.ActiveCfg = Release|Any CPU
		{E816EDB6-9D67-4882-9156-2E486789A271}.Release|iPhone.Build.0 = Release|Any CPU
		{E816EDB6-9D67-4882-9156-2E486789A271}.Release|iPhoneSimulator.ActiveCfg = Release|Any CPU
		{E816EDB6-9D67-4882-9156-2E486789A271}.Release|iPhoneSimulator.Build.0 = Release|Any CPU
		{E816EDB6-9D67-4882-9156-2E486789A271}.Release|x64.ActiveCfg = Release|Any CPU
		{E816EDB6-9D67-4882-9156-2E486789A271}.Release|x64.Build.0 = Release|Any CPU
		{E816EDB6-9D67-4882-9156-2E486789A271}.Release|x86.ActiveCfg = Release|Any CPU
		{E816EDB6-9D67-4882-9156-2E486789A271}.Release|x86.Build.0 = Release|Any CPU
	EndGlobalSection
	GlobalSection(SolutionProperties) = preSolution
		HideSolutionNode = FALSE
	EndGlobalSection
	GlobalSection(ExtensibilityGlobals) = postSolution
		SolutionGuid = {FD01EEDC-E280-4AE4-9E7A-789CF8309E58}
	EndGlobalSection
EndGlobal
