
Microsoft Visual Studio Solution File, Format Version 12.00
# Visual Studio 14
VisualStudioVersion = 14.0.22609.0
MinimumVisualStudioVersion = 10.0.40219.1
Project("{8BB2217D-0F2D-49D1-97BC-3654ED321F3B}") = "bbXP.mvc", "bbXP.mvc\bbXP.mvc.kproj", "{0EA82E96-715A-419A-B436-5E449D6723DA}"
EndProject
Project("{8BB2217D-0F2D-49D1-97BC-3654ED321F3B}") = "bbXP.dataLayer", "bbXP.dataLayer\bbXP.dataLayer.kproj", "{0CAC0676-C55D-4616-B8A0-3AF1B34422DA}"
EndProject
Project("{8BB2217D-0F2D-49D1-97BC-3654ED321F3B}") = "bbXP.businessLayer", "bbXP.businessLayer\bbXP.businessLayer.kproj", "{BC1037DB-DD0E-4506-8033-1032E9BD91DA}"
EndProject
Global
	GlobalSection(SolutionConfigurationPlatforms) = preSolution
		Debug|Any CPU = Debug|Any CPU
		Release|Any CPU = Release|Any CPU
	EndGlobalSection
	GlobalSection(ProjectConfigurationPlatforms) = postSolution
		{0EA82E96-715A-419A-B436-5E449D6723DA}.Debug|Any CPU.ActiveCfg = Debug|Any CPU
		{0EA82E96-715A-419A-B436-5E449D6723DA}.Debug|Any CPU.Build.0 = Debug|Any CPU
		{0EA82E96-715A-419A-B436-5E449D6723DA}.Release|Any CPU.ActiveCfg = Release|Any CPU
		{0EA82E96-715A-419A-B436-5E449D6723DA}.Release|Any CPU.Build.0 = Release|Any CPU
		{0CAC0676-C55D-4616-B8A0-3AF1B34422DA}.Debug|Any CPU.ActiveCfg = Debug|Any CPU
		{0CAC0676-C55D-4616-B8A0-3AF1B34422DA}.Debug|Any CPU.Build.0 = Debug|Any CPU
		{0CAC0676-C55D-4616-B8A0-3AF1B34422DA}.Release|Any CPU.ActiveCfg = Release|Any CPU
		{0CAC0676-C55D-4616-B8A0-3AF1B34422DA}.Release|Any CPU.Build.0 = Release|Any CPU
		{BC1037DB-DD0E-4506-8033-1032E9BD91DA}.Debug|Any CPU.ActiveCfg = Debug|Any CPU
		{BC1037DB-DD0E-4506-8033-1032E9BD91DA}.Debug|Any CPU.Build.0 = Debug|Any CPU
		{BC1037DB-DD0E-4506-8033-1032E9BD91DA}.Release|Any CPU.ActiveCfg = Release|Any CPU
		{BC1037DB-DD0E-4506-8033-1032E9BD91DA}.Release|Any CPU.Build.0 = Release|Any CPU
	EndGlobalSection
	GlobalSection(SolutionProperties) = preSolution
		HideSolutionNode = FALSE
	EndGlobalSection
EndGlobal
