
Microsoft Visual Studio Solution File, Format Version 12.00
# Visual Studio 14
VisualStudioVersion = 14.0.25420.1
MinimumVisualStudioVersion = 10.0.40219.1
Project("{8BB2217D-0F2D-49D1-97BC-3654ED321F3B}") = "bbxp.MVC", "bbxp.MVC\bbxp.MVC.xproj", "{3B5AAED5-1F86-4BAD-BB8B-00CB13CBC659}"
EndProject
Project("{9092AA53-FB77-4645-B42D-1CCCA6BD08BD}") = "bbxp.NODEJS", "bbxp.NODEJS\bbxp.NODEJS.njsproj", "{2B1718CC-F73F-486A-A982-AE4DBDBA3BC3}"
EndProject
Project("{8BB2217D-0F2D-49D1-97BC-3654ED321F3B}") = "bbxp.WebAPI.DataLayer", "bbxp.DataLayer\bbxp.WebAPI.DataLayer.xproj", "{AD832CF4-60E0-4D64-BB35-A1CE71E125FE}"
EndProject
Project("{8BB2217D-0F2D-49D1-97BC-3654ED321F3B}") = "bbxp.WebAPI", "bbxp.WebAPI\bbxp.WebAPI.xproj", "{6DD6BB23-BFBC-4CF3-B610-B750E857D507}"
EndProject
Project("{8BB2217D-0F2D-49D1-97BC-3654ED321F3B}") = "bbxp.WebAPI.BusinessLayer", "bbxp.BusinessLayer\bbxp.WebAPI.BusinessLayer.xproj", "{5BBF8F9C-6334-426F-960C-9AB4BA8E200F}"
EndProject
Project("{8BB2217D-0F2D-49D1-97BC-3654ED321F3B}") = "bbxp.CommonLibrary", "bbxp.CommonLibrary\bbxp.CommonLibrary.xproj", "{62502892-6C4F-4B97-8790-4E9382A1F9C2}"
EndProject
Project("{FAE04EC0-301F-11D3-BF4B-00C04F79EFBC}") = "bbxp.UWP", "bbxp.UWP\bbxp.UWP.csproj", "{CDADA000-DC21-48AD-93C7-51B1AC961956}"
EndProject
Project("{FAE04EC0-301F-11D3-BF4B-00C04F79EFBC}") = "bbxp.PCL", "bbxp.PCL\bbxp.PCL.csproj", "{D97F3F98-C28A-412A-AF12-539156B64B6D}"
EndProject
Global
	GlobalSection(SolutionConfigurationPlatforms) = preSolution
		Debug|Any CPU = Debug|Any CPU
		Debug|ARM = Debug|ARM
		Debug|x64 = Debug|x64
		Debug|x86 = Debug|x86
		Release|Any CPU = Release|Any CPU
		Release|ARM = Release|ARM
		Release|x64 = Release|x64
		Release|x86 = Release|x86
	EndGlobalSection
	GlobalSection(ProjectConfigurationPlatforms) = postSolution
		{3B5AAED5-1F86-4BAD-BB8B-00CB13CBC659}.Debug|Any CPU.ActiveCfg = Debug|Any CPU
		{3B5AAED5-1F86-4BAD-BB8B-00CB13CBC659}.Debug|Any CPU.Build.0 = Debug|Any CPU
		{3B5AAED5-1F86-4BAD-BB8B-00CB13CBC659}.Debug|ARM.ActiveCfg = Debug|Any CPU
		{3B5AAED5-1F86-4BAD-BB8B-00CB13CBC659}.Debug|ARM.Build.0 = Debug|Any CPU
		{3B5AAED5-1F86-4BAD-BB8B-00CB13CBC659}.Debug|x64.ActiveCfg = Debug|Any CPU
		{3B5AAED5-1F86-4BAD-BB8B-00CB13CBC659}.Debug|x64.Build.0 = Debug|Any CPU
		{3B5AAED5-1F86-4BAD-BB8B-00CB13CBC659}.Debug|x86.ActiveCfg = Debug|Any CPU
		{3B5AAED5-1F86-4BAD-BB8B-00CB13CBC659}.Debug|x86.Build.0 = Debug|Any CPU
		{3B5AAED5-1F86-4BAD-BB8B-00CB13CBC659}.Release|Any CPU.ActiveCfg = Release|Any CPU
		{3B5AAED5-1F86-4BAD-BB8B-00CB13CBC659}.Release|Any CPU.Build.0 = Release|Any CPU
		{3B5AAED5-1F86-4BAD-BB8B-00CB13CBC659}.Release|ARM.ActiveCfg = Release|Any CPU
		{3B5AAED5-1F86-4BAD-BB8B-00CB13CBC659}.Release|ARM.Build.0 = Release|Any CPU
		{3B5AAED5-1F86-4BAD-BB8B-00CB13CBC659}.Release|x64.ActiveCfg = Release|Any CPU
		{3B5AAED5-1F86-4BAD-BB8B-00CB13CBC659}.Release|x64.Build.0 = Release|Any CPU
		{3B5AAED5-1F86-4BAD-BB8B-00CB13CBC659}.Release|x86.ActiveCfg = Release|Any CPU
		{3B5AAED5-1F86-4BAD-BB8B-00CB13CBC659}.Release|x86.Build.0 = Release|Any CPU
		{2B1718CC-F73F-486A-A982-AE4DBDBA3BC3}.Debug|Any CPU.ActiveCfg = Debug|Any CPU
		{2B1718CC-F73F-486A-A982-AE4DBDBA3BC3}.Debug|Any CPU.Build.0 = Debug|Any CPU
		{2B1718CC-F73F-486A-A982-AE4DBDBA3BC3}.Debug|ARM.ActiveCfg = Debug|Any CPU
		{2B1718CC-F73F-486A-A982-AE4DBDBA3BC3}.Debug|ARM.Build.0 = Debug|Any CPU
		{2B1718CC-F73F-486A-A982-AE4DBDBA3BC3}.Debug|x64.ActiveCfg = Debug|Any CPU
		{2B1718CC-F73F-486A-A982-AE4DBDBA3BC3}.Debug|x64.Build.0 = Debug|Any CPU
		{2B1718CC-F73F-486A-A982-AE4DBDBA3BC3}.Debug|x86.ActiveCfg = Debug|Any CPU
		{2B1718CC-F73F-486A-A982-AE4DBDBA3BC3}.Debug|x86.Build.0 = Debug|Any CPU
		{2B1718CC-F73F-486A-A982-AE4DBDBA3BC3}.Release|Any CPU.ActiveCfg = Release|Any CPU
		{2B1718CC-F73F-486A-A982-AE4DBDBA3BC3}.Release|Any CPU.Build.0 = Release|Any CPU
		{2B1718CC-F73F-486A-A982-AE4DBDBA3BC3}.Release|ARM.ActiveCfg = Release|Any CPU
		{2B1718CC-F73F-486A-A982-AE4DBDBA3BC3}.Release|ARM.Build.0 = Release|Any CPU
		{2B1718CC-F73F-486A-A982-AE4DBDBA3BC3}.Release|x64.ActiveCfg = Release|Any CPU
		{2B1718CC-F73F-486A-A982-AE4DBDBA3BC3}.Release|x64.Build.0 = Release|Any CPU
		{2B1718CC-F73F-486A-A982-AE4DBDBA3BC3}.Release|x86.ActiveCfg = Release|Any CPU
		{2B1718CC-F73F-486A-A982-AE4DBDBA3BC3}.Release|x86.Build.0 = Release|Any CPU
		{AD832CF4-60E0-4D64-BB35-A1CE71E125FE}.Debug|Any CPU.ActiveCfg = Debug|Any CPU
		{AD832CF4-60E0-4D64-BB35-A1CE71E125FE}.Debug|Any CPU.Build.0 = Debug|Any CPU
		{AD832CF4-60E0-4D64-BB35-A1CE71E125FE}.Debug|ARM.ActiveCfg = Debug|Any CPU
		{AD832CF4-60E0-4D64-BB35-A1CE71E125FE}.Debug|ARM.Build.0 = Debug|Any CPU
		{AD832CF4-60E0-4D64-BB35-A1CE71E125FE}.Debug|x64.ActiveCfg = Debug|Any CPU
		{AD832CF4-60E0-4D64-BB35-A1CE71E125FE}.Debug|x64.Build.0 = Debug|Any CPU
		{AD832CF4-60E0-4D64-BB35-A1CE71E125FE}.Debug|x86.ActiveCfg = Debug|Any CPU
		{AD832CF4-60E0-4D64-BB35-A1CE71E125FE}.Debug|x86.Build.0 = Debug|Any CPU
		{AD832CF4-60E0-4D64-BB35-A1CE71E125FE}.Release|Any CPU.ActiveCfg = Release|Any CPU
		{AD832CF4-60E0-4D64-BB35-A1CE71E125FE}.Release|Any CPU.Build.0 = Release|Any CPU
		{AD832CF4-60E0-4D64-BB35-A1CE71E125FE}.Release|ARM.ActiveCfg = Release|Any CPU
		{AD832CF4-60E0-4D64-BB35-A1CE71E125FE}.Release|ARM.Build.0 = Release|Any CPU
		{AD832CF4-60E0-4D64-BB35-A1CE71E125FE}.Release|x64.ActiveCfg = Release|Any CPU
		{AD832CF4-60E0-4D64-BB35-A1CE71E125FE}.Release|x64.Build.0 = Release|Any CPU
		{AD832CF4-60E0-4D64-BB35-A1CE71E125FE}.Release|x86.ActiveCfg = Release|Any CPU
		{AD832CF4-60E0-4D64-BB35-A1CE71E125FE}.Release|x86.Build.0 = Release|Any CPU
		{6DD6BB23-BFBC-4CF3-B610-B750E857D507}.Debug|Any CPU.ActiveCfg = Debug|Any CPU
		{6DD6BB23-BFBC-4CF3-B610-B750E857D507}.Debug|Any CPU.Build.0 = Debug|Any CPU
		{6DD6BB23-BFBC-4CF3-B610-B750E857D507}.Debug|ARM.ActiveCfg = Debug|Any CPU
		{6DD6BB23-BFBC-4CF3-B610-B750E857D507}.Debug|ARM.Build.0 = Debug|Any CPU
		{6DD6BB23-BFBC-4CF3-B610-B750E857D507}.Debug|x64.ActiveCfg = Debug|Any CPU
		{6DD6BB23-BFBC-4CF3-B610-B750E857D507}.Debug|x64.Build.0 = Debug|Any CPU
		{6DD6BB23-BFBC-4CF3-B610-B750E857D507}.Debug|x86.ActiveCfg = Debug|Any CPU
		{6DD6BB23-BFBC-4CF3-B610-B750E857D507}.Debug|x86.Build.0 = Debug|Any CPU
		{6DD6BB23-BFBC-4CF3-B610-B750E857D507}.Release|Any CPU.ActiveCfg = Release|Any CPU
		{6DD6BB23-BFBC-4CF3-B610-B750E857D507}.Release|Any CPU.Build.0 = Release|Any CPU
		{6DD6BB23-BFBC-4CF3-B610-B750E857D507}.Release|ARM.ActiveCfg = Release|Any CPU
		{6DD6BB23-BFBC-4CF3-B610-B750E857D507}.Release|ARM.Build.0 = Release|Any CPU
		{6DD6BB23-BFBC-4CF3-B610-B750E857D507}.Release|x64.ActiveCfg = Release|Any CPU
		{6DD6BB23-BFBC-4CF3-B610-B750E857D507}.Release|x64.Build.0 = Release|Any CPU
		{6DD6BB23-BFBC-4CF3-B610-B750E857D507}.Release|x86.ActiveCfg = Release|Any CPU
		{6DD6BB23-BFBC-4CF3-B610-B750E857D507}.Release|x86.Build.0 = Release|Any CPU
		{5BBF8F9C-6334-426F-960C-9AB4BA8E200F}.Debug|Any CPU.ActiveCfg = Debug|Any CPU
		{5BBF8F9C-6334-426F-960C-9AB4BA8E200F}.Debug|Any CPU.Build.0 = Debug|Any CPU
		{5BBF8F9C-6334-426F-960C-9AB4BA8E200F}.Debug|ARM.ActiveCfg = Debug|Any CPU
		{5BBF8F9C-6334-426F-960C-9AB4BA8E200F}.Debug|ARM.Build.0 = Debug|Any CPU
		{5BBF8F9C-6334-426F-960C-9AB4BA8E200F}.Debug|x64.ActiveCfg = Debug|Any CPU
		{5BBF8F9C-6334-426F-960C-9AB4BA8E200F}.Debug|x64.Build.0 = Debug|Any CPU
		{5BBF8F9C-6334-426F-960C-9AB4BA8E200F}.Debug|x86.ActiveCfg = Debug|Any CPU
		{5BBF8F9C-6334-426F-960C-9AB4BA8E200F}.Debug|x86.Build.0 = Debug|Any CPU
		{5BBF8F9C-6334-426F-960C-9AB4BA8E200F}.Release|Any CPU.ActiveCfg = Release|Any CPU
		{5BBF8F9C-6334-426F-960C-9AB4BA8E200F}.Release|Any CPU.Build.0 = Release|Any CPU
		{5BBF8F9C-6334-426F-960C-9AB4BA8E200F}.Release|ARM.ActiveCfg = Release|Any CPU
		{5BBF8F9C-6334-426F-960C-9AB4BA8E200F}.Release|ARM.Build.0 = Release|Any CPU
		{5BBF8F9C-6334-426F-960C-9AB4BA8E200F}.Release|x64.ActiveCfg = Release|Any CPU
		{5BBF8F9C-6334-426F-960C-9AB4BA8E200F}.Release|x64.Build.0 = Release|Any CPU
		{5BBF8F9C-6334-426F-960C-9AB4BA8E200F}.Release|x86.ActiveCfg = Release|Any CPU
		{5BBF8F9C-6334-426F-960C-9AB4BA8E200F}.Release|x86.Build.0 = Release|Any CPU
		{62502892-6C4F-4B97-8790-4E9382A1F9C2}.Debug|Any CPU.ActiveCfg = Debug|Any CPU
		{62502892-6C4F-4B97-8790-4E9382A1F9C2}.Debug|Any CPU.Build.0 = Debug|Any CPU
		{62502892-6C4F-4B97-8790-4E9382A1F9C2}.Debug|ARM.ActiveCfg = Debug|Any CPU
		{62502892-6C4F-4B97-8790-4E9382A1F9C2}.Debug|ARM.Build.0 = Debug|Any CPU
		{62502892-6C4F-4B97-8790-4E9382A1F9C2}.Debug|x64.ActiveCfg = Debug|Any CPU
		{62502892-6C4F-4B97-8790-4E9382A1F9C2}.Debug|x64.Build.0 = Debug|Any CPU
		{62502892-6C4F-4B97-8790-4E9382A1F9C2}.Debug|x86.ActiveCfg = Debug|Any CPU
		{62502892-6C4F-4B97-8790-4E9382A1F9C2}.Debug|x86.Build.0 = Debug|Any CPU
		{62502892-6C4F-4B97-8790-4E9382A1F9C2}.Release|Any CPU.ActiveCfg = Release|Any CPU
		{62502892-6C4F-4B97-8790-4E9382A1F9C2}.Release|Any CPU.Build.0 = Release|Any CPU
		{62502892-6C4F-4B97-8790-4E9382A1F9C2}.Release|ARM.ActiveCfg = Release|Any CPU
		{62502892-6C4F-4B97-8790-4E9382A1F9C2}.Release|ARM.Build.0 = Release|Any CPU
		{62502892-6C4F-4B97-8790-4E9382A1F9C2}.Release|x64.ActiveCfg = Release|Any CPU
		{62502892-6C4F-4B97-8790-4E9382A1F9C2}.Release|x64.Build.0 = Release|Any CPU
		{62502892-6C4F-4B97-8790-4E9382A1F9C2}.Release|x86.ActiveCfg = Release|Any CPU
		{62502892-6C4F-4B97-8790-4E9382A1F9C2}.Release|x86.Build.0 = Release|Any CPU
		{CDADA000-DC21-48AD-93C7-51B1AC961956}.Debug|Any CPU.ActiveCfg = Debug|x86
		{CDADA000-DC21-48AD-93C7-51B1AC961956}.Debug|ARM.ActiveCfg = Debug|ARM
		{CDADA000-DC21-48AD-93C7-51B1AC961956}.Debug|ARM.Build.0 = Debug|ARM
		{CDADA000-DC21-48AD-93C7-51B1AC961956}.Debug|ARM.Deploy.0 = Debug|ARM
		{CDADA000-DC21-48AD-93C7-51B1AC961956}.Debug|x64.ActiveCfg = Debug|x64
		{CDADA000-DC21-48AD-93C7-51B1AC961956}.Debug|x64.Build.0 = Debug|x64
		{CDADA000-DC21-48AD-93C7-51B1AC961956}.Debug|x64.Deploy.0 = Debug|x64
		{CDADA000-DC21-48AD-93C7-51B1AC961956}.Debug|x86.ActiveCfg = Debug|x86
		{CDADA000-DC21-48AD-93C7-51B1AC961956}.Debug|x86.Build.0 = Debug|x86
		{CDADA000-DC21-48AD-93C7-51B1AC961956}.Debug|x86.Deploy.0 = Debug|x86
		{CDADA000-DC21-48AD-93C7-51B1AC961956}.Release|Any CPU.ActiveCfg = Release|x86
		{CDADA000-DC21-48AD-93C7-51B1AC961956}.Release|ARM.ActiveCfg = Release|ARM
		{CDADA000-DC21-48AD-93C7-51B1AC961956}.Release|ARM.Build.0 = Release|ARM
		{CDADA000-DC21-48AD-93C7-51B1AC961956}.Release|ARM.Deploy.0 = Release|ARM
		{CDADA000-DC21-48AD-93C7-51B1AC961956}.Release|x64.ActiveCfg = Release|x64
		{CDADA000-DC21-48AD-93C7-51B1AC961956}.Release|x64.Build.0 = Release|x64
		{CDADA000-DC21-48AD-93C7-51B1AC961956}.Release|x64.Deploy.0 = Release|x64
		{CDADA000-DC21-48AD-93C7-51B1AC961956}.Release|x86.ActiveCfg = Release|x86
		{CDADA000-DC21-48AD-93C7-51B1AC961956}.Release|x86.Build.0 = Release|x86
		{CDADA000-DC21-48AD-93C7-51B1AC961956}.Release|x86.Deploy.0 = Release|x86
		{D97F3F98-C28A-412A-AF12-539156B64B6D}.Debug|Any CPU.ActiveCfg = Debug|Any CPU
		{D97F3F98-C28A-412A-AF12-539156B64B6D}.Debug|Any CPU.Build.0 = Debug|Any CPU
		{D97F3F98-C28A-412A-AF12-539156B64B6D}.Debug|ARM.ActiveCfg = Debug|Any CPU
		{D97F3F98-C28A-412A-AF12-539156B64B6D}.Debug|ARM.Build.0 = Debug|Any CPU
		{D97F3F98-C28A-412A-AF12-539156B64B6D}.Debug|x64.ActiveCfg = Debug|Any CPU
		{D97F3F98-C28A-412A-AF12-539156B64B6D}.Debug|x64.Build.0 = Debug|Any CPU
		{D97F3F98-C28A-412A-AF12-539156B64B6D}.Debug|x86.ActiveCfg = Debug|Any CPU
		{D97F3F98-C28A-412A-AF12-539156B64B6D}.Debug|x86.Build.0 = Debug|Any CPU
		{D97F3F98-C28A-412A-AF12-539156B64B6D}.Release|Any CPU.ActiveCfg = Release|Any CPU
		{D97F3F98-C28A-412A-AF12-539156B64B6D}.Release|Any CPU.Build.0 = Release|Any CPU
		{D97F3F98-C28A-412A-AF12-539156B64B6D}.Release|ARM.ActiveCfg = Release|Any CPU
		{D97F3F98-C28A-412A-AF12-539156B64B6D}.Release|ARM.Build.0 = Release|Any CPU
		{D97F3F98-C28A-412A-AF12-539156B64B6D}.Release|x64.ActiveCfg = Release|Any CPU
		{D97F3F98-C28A-412A-AF12-539156B64B6D}.Release|x64.Build.0 = Release|Any CPU
		{D97F3F98-C28A-412A-AF12-539156B64B6D}.Release|x86.ActiveCfg = Release|Any CPU
		{D97F3F98-C28A-412A-AF12-539156B64B6D}.Release|x86.Build.0 = Release|Any CPU
	EndGlobalSection
	GlobalSection(SolutionProperties) = preSolution
		HideSolutionNode = FALSE
	EndGlobalSection
EndGlobal
