
Microsoft Visual Studio Solution File, Format Version 12.00
# Visual Studio Version 17
VisualStudioVersion = 17.4.33110.190
MinimumVisualStudioVersion = 10.0.40219.1
Project("{9A19103F-16F7-4668-BE54-9A1E7A4F7556}") = "bbxp.lib", "bbxp.lib\bbxp.lib.csproj", "{00EE7A2A-BDD0-4E1E-882B-189770CC09AA}"
EndProject
Project("{9A19103F-16F7-4668-BE54-9A1E7A4F7556}") = "bbxp.web", "bbxp.web\bbxp.web.csproj", "{74D832F2-C2B6-4511-9E5B-F975BE47C471}"
EndProject
Project("{9A19103F-16F7-4668-BE54-9A1E7A4F7556}") = "bbxp.unittests", "bbxp.unittests\bbxp.unittests.csproj", "{E2A32F09-FBDC-4C53-9294-5354BDAFBCD5}"
EndProject
Project("{FAE04EC0-301F-11D3-BF4B-00C04F79EFBC}") = "bbxp.web.blazor.Server", "bbxp.web.blazor\Server\bbxp.web.blazor.Server.csproj", "{225FAA9B-AA4A-40CE-BE07-F8C4CD32BAF6}"
EndProject
Project("{FAE04EC0-301F-11D3-BF4B-00C04F79EFBC}") = "bbxp.web.blazor.Client", "bbxp.web.blazor\Client\bbxp.web.blazor.Client.csproj", "{7C6E7C5A-C767-40BE-9E0E-D8703E864454}"
EndProject
Project("{FAE04EC0-301F-11D3-BF4B-00C04F79EFBC}") = "bbxp.web.blazor.Shared", "bbxp.web.blazor\Shared\bbxp.web.blazor.Shared.csproj", "{54B1AF78-C6B0-4578-B197-3B67F0CDD973}"
EndProject
Global
	GlobalSection(SolutionConfigurationPlatforms) = preSolution
		Ad-Hoc|Any CPU = Ad-Hoc|Any CPU
		Ad-Hoc|ARM = Ad-Hoc|ARM
		Ad-Hoc|iPhone = Ad-Hoc|iPhone
		Ad-Hoc|iPhoneSimulator = Ad-Hoc|iPhoneSimulator
		Ad-Hoc|x64 = Ad-Hoc|x64
		Ad-Hoc|x86 = Ad-Hoc|x86
		AppStore|Any CPU = AppStore|Any CPU
		AppStore|ARM = AppStore|ARM
		AppStore|iPhone = AppStore|iPhone
		AppStore|iPhoneSimulator = AppStore|iPhoneSimulator
		AppStore|x64 = AppStore|x64
		AppStore|x86 = AppStore|x86
		Debug|Any CPU = Debug|Any CPU
		Debug|ARM = Debug|ARM
		Debug|iPhone = Debug|iPhone
		Debug|iPhoneSimulator = Debug|iPhoneSimulator
		Debug|x64 = Debug|x64
		Debug|x86 = Debug|x86
		Release|Any CPU = Release|Any CPU
		Release|ARM = Release|ARM
		Release|iPhone = Release|iPhone
		Release|iPhoneSimulator = Release|iPhoneSimulator
		Release|x64 = Release|x64
		Release|x86 = Release|x86
	EndGlobalSection
	GlobalSection(ProjectConfigurationPlatforms) = postSolution
		{00EE7A2A-BDD0-4E1E-882B-189770CC09AA}.Ad-Hoc|Any CPU.ActiveCfg = Debug|Any CPU
		{00EE7A2A-BDD0-4E1E-882B-189770CC09AA}.Ad-Hoc|Any CPU.Build.0 = Debug|Any CPU
		{00EE7A2A-BDD0-4E1E-882B-189770CC09AA}.Ad-Hoc|ARM.ActiveCfg = Debug|Any CPU
		{00EE7A2A-BDD0-4E1E-882B-189770CC09AA}.Ad-Hoc|ARM.Build.0 = Debug|Any CPU
		{00EE7A2A-BDD0-4E1E-882B-189770CC09AA}.Ad-Hoc|iPhone.ActiveCfg = Debug|Any CPU
		{00EE7A2A-BDD0-4E1E-882B-189770CC09AA}.Ad-Hoc|iPhone.Build.0 = Debug|Any CPU
		{00EE7A2A-BDD0-4E1E-882B-189770CC09AA}.Ad-Hoc|iPhoneSimulator.ActiveCfg = Debug|Any CPU
		{00EE7A2A-BDD0-4E1E-882B-189770CC09AA}.Ad-Hoc|iPhoneSimulator.Build.0 = Debug|Any CPU
		{00EE7A2A-BDD0-4E1E-882B-189770CC09AA}.Ad-Hoc|x64.ActiveCfg = Debug|Any CPU
		{00EE7A2A-BDD0-4E1E-882B-189770CC09AA}.Ad-Hoc|x64.Build.0 = Debug|Any CPU
		{00EE7A2A-BDD0-4E1E-882B-189770CC09AA}.Ad-Hoc|x86.ActiveCfg = Debug|Any CPU
		{00EE7A2A-BDD0-4E1E-882B-189770CC09AA}.Ad-Hoc|x86.Build.0 = Debug|Any CPU
		{00EE7A2A-BDD0-4E1E-882B-189770CC09AA}.AppStore|Any CPU.ActiveCfg = Debug|Any CPU
		{00EE7A2A-BDD0-4E1E-882B-189770CC09AA}.AppStore|Any CPU.Build.0 = Debug|Any CPU
		{00EE7A2A-BDD0-4E1E-882B-189770CC09AA}.AppStore|ARM.ActiveCfg = Debug|Any CPU
		{00EE7A2A-BDD0-4E1E-882B-189770CC09AA}.AppStore|ARM.Build.0 = Debug|Any CPU
		{00EE7A2A-BDD0-4E1E-882B-189770CC09AA}.AppStore|iPhone.ActiveCfg = Debug|Any CPU
		{00EE7A2A-BDD0-4E1E-882B-189770CC09AA}.AppStore|iPhone.Build.0 = Debug|Any CPU
		{00EE7A2A-BDD0-4E1E-882B-189770CC09AA}.AppStore|iPhoneSimulator.ActiveCfg = Debug|Any CPU
		{00EE7A2A-BDD0-4E1E-882B-189770CC09AA}.AppStore|iPhoneSimulator.Build.0 = Debug|Any CPU
		{00EE7A2A-BDD0-4E1E-882B-189770CC09AA}.AppStore|x64.ActiveCfg = Debug|Any CPU
		{00EE7A2A-BDD0-4E1E-882B-189770CC09AA}.AppStore|x64.Build.0 = Debug|Any CPU
		{00EE7A2A-BDD0-4E1E-882B-189770CC09AA}.AppStore|x86.ActiveCfg = Debug|Any CPU
		{00EE7A2A-BDD0-4E1E-882B-189770CC09AA}.AppStore|x86.Build.0 = Debug|Any CPU
		{00EE7A2A-BDD0-4E1E-882B-189770CC09AA}.Debug|Any CPU.ActiveCfg = Debug|Any CPU
		{00EE7A2A-BDD0-4E1E-882B-189770CC09AA}.Debug|Any CPU.Build.0 = Debug|Any CPU
		{00EE7A2A-BDD0-4E1E-882B-189770CC09AA}.Debug|ARM.ActiveCfg = Debug|Any CPU
		{00EE7A2A-BDD0-4E1E-882B-189770CC09AA}.Debug|ARM.Build.0 = Debug|Any CPU
		{00EE7A2A-BDD0-4E1E-882B-189770CC09AA}.Debug|iPhone.ActiveCfg = Debug|Any CPU
		{00EE7A2A-BDD0-4E1E-882B-189770CC09AA}.Debug|iPhone.Build.0 = Debug|Any CPU
		{00EE7A2A-BDD0-4E1E-882B-189770CC09AA}.Debug|iPhoneSimulator.ActiveCfg = Debug|Any CPU
		{00EE7A2A-BDD0-4E1E-882B-189770CC09AA}.Debug|iPhoneSimulator.Build.0 = Debug|Any CPU
		{00EE7A2A-BDD0-4E1E-882B-189770CC09AA}.Debug|x64.ActiveCfg = Debug|Any CPU
		{00EE7A2A-BDD0-4E1E-882B-189770CC09AA}.Debug|x64.Build.0 = Debug|Any CPU
		{00EE7A2A-BDD0-4E1E-882B-189770CC09AA}.Debug|x86.ActiveCfg = Debug|Any CPU
		{00EE7A2A-BDD0-4E1E-882B-189770CC09AA}.Debug|x86.Build.0 = Debug|Any CPU
		{00EE7A2A-BDD0-4E1E-882B-189770CC09AA}.Release|Any CPU.ActiveCfg = Release|Any CPU
		{00EE7A2A-BDD0-4E1E-882B-189770CC09AA}.Release|Any CPU.Build.0 = Release|Any CPU
		{00EE7A2A-BDD0-4E1E-882B-189770CC09AA}.Release|ARM.ActiveCfg = Release|Any CPU
		{00EE7A2A-BDD0-4E1E-882B-189770CC09AA}.Release|ARM.Build.0 = Release|Any CPU
		{00EE7A2A-BDD0-4E1E-882B-189770CC09AA}.Release|iPhone.ActiveCfg = Release|Any CPU
		{00EE7A2A-BDD0-4E1E-882B-189770CC09AA}.Release|iPhone.Build.0 = Release|Any CPU
		{00EE7A2A-BDD0-4E1E-882B-189770CC09AA}.Release|iPhoneSimulator.ActiveCfg = Release|Any CPU
		{00EE7A2A-BDD0-4E1E-882B-189770CC09AA}.Release|iPhoneSimulator.Build.0 = Release|Any CPU
		{00EE7A2A-BDD0-4E1E-882B-189770CC09AA}.Release|x64.ActiveCfg = Release|Any CPU
		{00EE7A2A-BDD0-4E1E-882B-189770CC09AA}.Release|x64.Build.0 = Release|Any CPU
		{00EE7A2A-BDD0-4E1E-882B-189770CC09AA}.Release|x86.ActiveCfg = Release|Any CPU
		{00EE7A2A-BDD0-4E1E-882B-189770CC09AA}.Release|x86.Build.0 = Release|Any CPU
		{74D832F2-C2B6-4511-9E5B-F975BE47C471}.Ad-Hoc|Any CPU.ActiveCfg = Debug|Any CPU
		{74D832F2-C2B6-4511-9E5B-F975BE47C471}.Ad-Hoc|Any CPU.Build.0 = Debug|Any CPU
		{74D832F2-C2B6-4511-9E5B-F975BE47C471}.Ad-Hoc|ARM.ActiveCfg = Debug|Any CPU
		{74D832F2-C2B6-4511-9E5B-F975BE47C471}.Ad-Hoc|ARM.Build.0 = Debug|Any CPU
		{74D832F2-C2B6-4511-9E5B-F975BE47C471}.Ad-Hoc|iPhone.ActiveCfg = Debug|Any CPU
		{74D832F2-C2B6-4511-9E5B-F975BE47C471}.Ad-Hoc|iPhone.Build.0 = Debug|Any CPU
		{74D832F2-C2B6-4511-9E5B-F975BE47C471}.Ad-Hoc|iPhoneSimulator.ActiveCfg = Debug|Any CPU
		{74D832F2-C2B6-4511-9E5B-F975BE47C471}.Ad-Hoc|iPhoneSimulator.Build.0 = Debug|Any CPU
		{74D832F2-C2B6-4511-9E5B-F975BE47C471}.Ad-Hoc|x64.ActiveCfg = Debug|Any CPU
		{74D832F2-C2B6-4511-9E5B-F975BE47C471}.Ad-Hoc|x64.Build.0 = Debug|Any CPU
		{74D832F2-C2B6-4511-9E5B-F975BE47C471}.Ad-Hoc|x86.ActiveCfg = Debug|Any CPU
		{74D832F2-C2B6-4511-9E5B-F975BE47C471}.Ad-Hoc|x86.Build.0 = Debug|Any CPU
		{74D832F2-C2B6-4511-9E5B-F975BE47C471}.AppStore|Any CPU.ActiveCfg = Debug|Any CPU
		{74D832F2-C2B6-4511-9E5B-F975BE47C471}.AppStore|Any CPU.Build.0 = Debug|Any CPU
		{74D832F2-C2B6-4511-9E5B-F975BE47C471}.AppStore|ARM.ActiveCfg = Debug|Any CPU
		{74D832F2-C2B6-4511-9E5B-F975BE47C471}.AppStore|ARM.Build.0 = Debug|Any CPU
		{74D832F2-C2B6-4511-9E5B-F975BE47C471}.AppStore|iPhone.ActiveCfg = Debug|Any CPU
		{74D832F2-C2B6-4511-9E5B-F975BE47C471}.AppStore|iPhone.Build.0 = Debug|Any CPU
		{74D832F2-C2B6-4511-9E5B-F975BE47C471}.AppStore|iPhoneSimulator.ActiveCfg = Debug|Any CPU
		{74D832F2-C2B6-4511-9E5B-F975BE47C471}.AppStore|iPhoneSimulator.Build.0 = Debug|Any CPU
		{74D832F2-C2B6-4511-9E5B-F975BE47C471}.AppStore|x64.ActiveCfg = Debug|Any CPU
		{74D832F2-C2B6-4511-9E5B-F975BE47C471}.AppStore|x64.Build.0 = Debug|Any CPU
		{74D832F2-C2B6-4511-9E5B-F975BE47C471}.AppStore|x86.ActiveCfg = Debug|Any CPU
		{74D832F2-C2B6-4511-9E5B-F975BE47C471}.AppStore|x86.Build.0 = Debug|Any CPU
		{74D832F2-C2B6-4511-9E5B-F975BE47C471}.Debug|Any CPU.ActiveCfg = Debug|Any CPU
		{74D832F2-C2B6-4511-9E5B-F975BE47C471}.Debug|Any CPU.Build.0 = Debug|Any CPU
		{74D832F2-C2B6-4511-9E5B-F975BE47C471}.Debug|ARM.ActiveCfg = Debug|Any CPU
		{74D832F2-C2B6-4511-9E5B-F975BE47C471}.Debug|ARM.Build.0 = Debug|Any CPU
		{74D832F2-C2B6-4511-9E5B-F975BE47C471}.Debug|iPhone.ActiveCfg = Debug|Any CPU
		{74D832F2-C2B6-4511-9E5B-F975BE47C471}.Debug|iPhone.Build.0 = Debug|Any CPU
		{74D832F2-C2B6-4511-9E5B-F975BE47C471}.Debug|iPhoneSimulator.ActiveCfg = Debug|Any CPU
		{74D832F2-C2B6-4511-9E5B-F975BE47C471}.Debug|iPhoneSimulator.Build.0 = Debug|Any CPU
		{74D832F2-C2B6-4511-9E5B-F975BE47C471}.Debug|x64.ActiveCfg = Debug|Any CPU
		{74D832F2-C2B6-4511-9E5B-F975BE47C471}.Debug|x64.Build.0 = Debug|Any CPU
		{74D832F2-C2B6-4511-9E5B-F975BE47C471}.Debug|x86.ActiveCfg = Debug|Any CPU
		{74D832F2-C2B6-4511-9E5B-F975BE47C471}.Debug|x86.Build.0 = Debug|Any CPU
		{74D832F2-C2B6-4511-9E5B-F975BE47C471}.Release|Any CPU.ActiveCfg = Release|Any CPU
		{74D832F2-C2B6-4511-9E5B-F975BE47C471}.Release|Any CPU.Build.0 = Release|Any CPU
		{74D832F2-C2B6-4511-9E5B-F975BE47C471}.Release|ARM.ActiveCfg = Release|Any CPU
		{74D832F2-C2B6-4511-9E5B-F975BE47C471}.Release|ARM.Build.0 = Release|Any CPU
		{74D832F2-C2B6-4511-9E5B-F975BE47C471}.Release|iPhone.ActiveCfg = Release|Any CPU
		{74D832F2-C2B6-4511-9E5B-F975BE47C471}.Release|iPhone.Build.0 = Release|Any CPU
		{74D832F2-C2B6-4511-9E5B-F975BE47C471}.Release|iPhoneSimulator.ActiveCfg = Release|Any CPU
		{74D832F2-C2B6-4511-9E5B-F975BE47C471}.Release|iPhoneSimulator.Build.0 = Release|Any CPU
		{74D832F2-C2B6-4511-9E5B-F975BE47C471}.Release|x64.ActiveCfg = Release|Any CPU
		{74D832F2-C2B6-4511-9E5B-F975BE47C471}.Release|x64.Build.0 = Release|Any CPU
		{74D832F2-C2B6-4511-9E5B-F975BE47C471}.Release|x86.ActiveCfg = Release|Any CPU
		{74D832F2-C2B6-4511-9E5B-F975BE47C471}.Release|x86.Build.0 = Release|Any CPU
		{E2A32F09-FBDC-4C53-9294-5354BDAFBCD5}.Ad-Hoc|Any CPU.ActiveCfg = Debug|Any CPU
		{E2A32F09-FBDC-4C53-9294-5354BDAFBCD5}.Ad-Hoc|Any CPU.Build.0 = Debug|Any CPU
		{E2A32F09-FBDC-4C53-9294-5354BDAFBCD5}.Ad-Hoc|ARM.ActiveCfg = Debug|Any CPU
		{E2A32F09-FBDC-4C53-9294-5354BDAFBCD5}.Ad-Hoc|ARM.Build.0 = Debug|Any CPU
		{E2A32F09-FBDC-4C53-9294-5354BDAFBCD5}.Ad-Hoc|iPhone.ActiveCfg = Debug|Any CPU
		{E2A32F09-FBDC-4C53-9294-5354BDAFBCD5}.Ad-Hoc|iPhone.Build.0 = Debug|Any CPU
		{E2A32F09-FBDC-4C53-9294-5354BDAFBCD5}.Ad-Hoc|iPhoneSimulator.ActiveCfg = Debug|Any CPU
		{E2A32F09-FBDC-4C53-9294-5354BDAFBCD5}.Ad-Hoc|iPhoneSimulator.Build.0 = Debug|Any CPU
		{E2A32F09-FBDC-4C53-9294-5354BDAFBCD5}.Ad-Hoc|x64.ActiveCfg = Debug|Any CPU
		{E2A32F09-FBDC-4C53-9294-5354BDAFBCD5}.Ad-Hoc|x64.Build.0 = Debug|Any CPU
		{E2A32F09-FBDC-4C53-9294-5354BDAFBCD5}.Ad-Hoc|x86.ActiveCfg = Debug|Any CPU
		{E2A32F09-FBDC-4C53-9294-5354BDAFBCD5}.Ad-Hoc|x86.Build.0 = Debug|Any CPU
		{E2A32F09-FBDC-4C53-9294-5354BDAFBCD5}.AppStore|Any CPU.ActiveCfg = Debug|Any CPU
		{E2A32F09-FBDC-4C53-9294-5354BDAFBCD5}.AppStore|Any CPU.Build.0 = Debug|Any CPU
		{E2A32F09-FBDC-4C53-9294-5354BDAFBCD5}.AppStore|ARM.ActiveCfg = Debug|Any CPU
		{E2A32F09-FBDC-4C53-9294-5354BDAFBCD5}.AppStore|ARM.Build.0 = Debug|Any CPU
		{E2A32F09-FBDC-4C53-9294-5354BDAFBCD5}.AppStore|iPhone.ActiveCfg = Debug|Any CPU
		{E2A32F09-FBDC-4C53-9294-5354BDAFBCD5}.AppStore|iPhone.Build.0 = Debug|Any CPU
		{E2A32F09-FBDC-4C53-9294-5354BDAFBCD5}.AppStore|iPhoneSimulator.ActiveCfg = Debug|Any CPU
		{E2A32F09-FBDC-4C53-9294-5354BDAFBCD5}.AppStore|iPhoneSimulator.Build.0 = Debug|Any CPU
		{E2A32F09-FBDC-4C53-9294-5354BDAFBCD5}.AppStore|x64.ActiveCfg = Debug|Any CPU
		{E2A32F09-FBDC-4C53-9294-5354BDAFBCD5}.AppStore|x64.Build.0 = Debug|Any CPU
		{E2A32F09-FBDC-4C53-9294-5354BDAFBCD5}.AppStore|x86.ActiveCfg = Debug|Any CPU
		{E2A32F09-FBDC-4C53-9294-5354BDAFBCD5}.AppStore|x86.Build.0 = Debug|Any CPU
		{E2A32F09-FBDC-4C53-9294-5354BDAFBCD5}.Debug|Any CPU.ActiveCfg = Debug|Any CPU
		{E2A32F09-FBDC-4C53-9294-5354BDAFBCD5}.Debug|Any CPU.Build.0 = Debug|Any CPU
		{E2A32F09-FBDC-4C53-9294-5354BDAFBCD5}.Debug|ARM.ActiveCfg = Debug|Any CPU
		{E2A32F09-FBDC-4C53-9294-5354BDAFBCD5}.Debug|ARM.Build.0 = Debug|Any CPU
		{E2A32F09-FBDC-4C53-9294-5354BDAFBCD5}.Debug|iPhone.ActiveCfg = Debug|Any CPU
		{E2A32F09-FBDC-4C53-9294-5354BDAFBCD5}.Debug|iPhone.Build.0 = Debug|Any CPU
		{E2A32F09-FBDC-4C53-9294-5354BDAFBCD5}.Debug|iPhoneSimulator.ActiveCfg = Debug|Any CPU
		{E2A32F09-FBDC-4C53-9294-5354BDAFBCD5}.Debug|iPhoneSimulator.Build.0 = Debug|Any CPU
		{E2A32F09-FBDC-4C53-9294-5354BDAFBCD5}.Debug|x64.ActiveCfg = Debug|Any CPU
		{E2A32F09-FBDC-4C53-9294-5354BDAFBCD5}.Debug|x64.Build.0 = Debug|Any CPU
		{E2A32F09-FBDC-4C53-9294-5354BDAFBCD5}.Debug|x86.ActiveCfg = Debug|Any CPU
		{E2A32F09-FBDC-4C53-9294-5354BDAFBCD5}.Debug|x86.Build.0 = Debug|Any CPU
		{E2A32F09-FBDC-4C53-9294-5354BDAFBCD5}.Release|Any CPU.ActiveCfg = Release|Any CPU
		{E2A32F09-FBDC-4C53-9294-5354BDAFBCD5}.Release|Any CPU.Build.0 = Release|Any CPU
		{E2A32F09-FBDC-4C53-9294-5354BDAFBCD5}.Release|ARM.ActiveCfg = Release|Any CPU
		{E2A32F09-FBDC-4C53-9294-5354BDAFBCD5}.Release|ARM.Build.0 = Release|Any CPU
		{E2A32F09-FBDC-4C53-9294-5354BDAFBCD5}.Release|iPhone.ActiveCfg = Release|Any CPU
		{E2A32F09-FBDC-4C53-9294-5354BDAFBCD5}.Release|iPhone.Build.0 = Release|Any CPU
		{E2A32F09-FBDC-4C53-9294-5354BDAFBCD5}.Release|iPhoneSimulator.ActiveCfg = Release|Any CPU
		{E2A32F09-FBDC-4C53-9294-5354BDAFBCD5}.Release|iPhoneSimulator.Build.0 = Release|Any CPU
		{E2A32F09-FBDC-4C53-9294-5354BDAFBCD5}.Release|x64.ActiveCfg = Release|Any CPU
		{E2A32F09-FBDC-4C53-9294-5354BDAFBCD5}.Release|x64.Build.0 = Release|Any CPU
		{E2A32F09-FBDC-4C53-9294-5354BDAFBCD5}.Release|x86.ActiveCfg = Release|Any CPU
		{E2A32F09-FBDC-4C53-9294-5354BDAFBCD5}.Release|x86.Build.0 = Release|Any CPU
		{225FAA9B-AA4A-40CE-BE07-F8C4CD32BAF6}.Ad-Hoc|Any CPU.ActiveCfg = Debug|Any CPU
		{225FAA9B-AA4A-40CE-BE07-F8C4CD32BAF6}.Ad-Hoc|Any CPU.Build.0 = Debug|Any CPU
		{225FAA9B-AA4A-40CE-BE07-F8C4CD32BAF6}.Ad-Hoc|ARM.ActiveCfg = Debug|Any CPU
		{225FAA9B-AA4A-40CE-BE07-F8C4CD32BAF6}.Ad-Hoc|ARM.Build.0 = Debug|Any CPU
		{225FAA9B-AA4A-40CE-BE07-F8C4CD32BAF6}.Ad-Hoc|iPhone.ActiveCfg = Debug|Any CPU
		{225FAA9B-AA4A-40CE-BE07-F8C4CD32BAF6}.Ad-Hoc|iPhone.Build.0 = Debug|Any CPU
		{225FAA9B-AA4A-40CE-BE07-F8C4CD32BAF6}.Ad-Hoc|iPhoneSimulator.ActiveCfg = Debug|Any CPU
		{225FAA9B-AA4A-40CE-BE07-F8C4CD32BAF6}.Ad-Hoc|iPhoneSimulator.Build.0 = Debug|Any CPU
		{225FAA9B-AA4A-40CE-BE07-F8C4CD32BAF6}.Ad-Hoc|x64.ActiveCfg = Debug|Any CPU
		{225FAA9B-AA4A-40CE-BE07-F8C4CD32BAF6}.Ad-Hoc|x64.Build.0 = Debug|Any CPU
		{225FAA9B-AA4A-40CE-BE07-F8C4CD32BAF6}.Ad-Hoc|x86.ActiveCfg = Debug|Any CPU
		{225FAA9B-AA4A-40CE-BE07-F8C4CD32BAF6}.Ad-Hoc|x86.Build.0 = Debug|Any CPU
		{225FAA9B-AA4A-40CE-BE07-F8C4CD32BAF6}.AppStore|Any CPU.ActiveCfg = Debug|Any CPU
		{225FAA9B-AA4A-40CE-BE07-F8C4CD32BAF6}.AppStore|Any CPU.Build.0 = Debug|Any CPU
		{225FAA9B-AA4A-40CE-BE07-F8C4CD32BAF6}.AppStore|ARM.ActiveCfg = Debug|Any CPU
		{225FAA9B-AA4A-40CE-BE07-F8C4CD32BAF6}.AppStore|ARM.Build.0 = Debug|Any CPU
		{225FAA9B-AA4A-40CE-BE07-F8C4CD32BAF6}.AppStore|iPhone.ActiveCfg = Debug|Any CPU
		{225FAA9B-AA4A-40CE-BE07-F8C4CD32BAF6}.AppStore|iPhone.Build.0 = Debug|Any CPU
		{225FAA9B-AA4A-40CE-BE07-F8C4CD32BAF6}.AppStore|iPhoneSimulator.ActiveCfg = Debug|Any CPU
		{225FAA9B-AA4A-40CE-BE07-F8C4CD32BAF6}.AppStore|iPhoneSimulator.Build.0 = Debug|Any CPU
		{225FAA9B-AA4A-40CE-BE07-F8C4CD32BAF6}.AppStore|x64.ActiveCfg = Debug|Any CPU
		{225FAA9B-AA4A-40CE-BE07-F8C4CD32BAF6}.AppStore|x64.Build.0 = Debug|Any CPU
		{225FAA9B-AA4A-40CE-BE07-F8C4CD32BAF6}.AppStore|x86.ActiveCfg = Debug|Any CPU
		{225FAA9B-AA4A-40CE-BE07-F8C4CD32BAF6}.AppStore|x86.Build.0 = Debug|Any CPU
		{225FAA9B-AA4A-40CE-BE07-F8C4CD32BAF6}.Debug|Any CPU.ActiveCfg = Debug|Any CPU
		{225FAA9B-AA4A-40CE-BE07-F8C4CD32BAF6}.Debug|Any CPU.Build.0 = Debug|Any CPU
		{225FAA9B-AA4A-40CE-BE07-F8C4CD32BAF6}.Debug|ARM.ActiveCfg = Debug|Any CPU
		{225FAA9B-AA4A-40CE-BE07-F8C4CD32BAF6}.Debug|ARM.Build.0 = Debug|Any CPU
		{225FAA9B-AA4A-40CE-BE07-F8C4CD32BAF6}.Debug|iPhone.ActiveCfg = Debug|Any CPU
		{225FAA9B-AA4A-40CE-BE07-F8C4CD32BAF6}.Debug|iPhone.Build.0 = Debug|Any CPU
		{225FAA9B-AA4A-40CE-BE07-F8C4CD32BAF6}.Debug|iPhoneSimulator.ActiveCfg = Debug|Any CPU
		{225FAA9B-AA4A-40CE-BE07-F8C4CD32BAF6}.Debug|iPhoneSimulator.Build.0 = Debug|Any CPU
		{225FAA9B-AA4A-40CE-BE07-F8C4CD32BAF6}.Debug|x64.ActiveCfg = Debug|Any CPU
		{225FAA9B-AA4A-40CE-BE07-F8C4CD32BAF6}.Debug|x64.Build.0 = Debug|Any CPU
		{225FAA9B-AA4A-40CE-BE07-F8C4CD32BAF6}.Debug|x86.ActiveCfg = Debug|Any CPU
		{225FAA9B-AA4A-40CE-BE07-F8C4CD32BAF6}.Debug|x86.Build.0 = Debug|Any CPU
		{225FAA9B-AA4A-40CE-BE07-F8C4CD32BAF6}.Release|Any CPU.ActiveCfg = Release|Any CPU
		{225FAA9B-AA4A-40CE-BE07-F8C4CD32BAF6}.Release|Any CPU.Build.0 = Release|Any CPU
		{225FAA9B-AA4A-40CE-BE07-F8C4CD32BAF6}.Release|ARM.ActiveCfg = Release|Any CPU
		{225FAA9B-AA4A-40CE-BE07-F8C4CD32BAF6}.Release|ARM.Build.0 = Release|Any CPU
		{225FAA9B-AA4A-40CE-BE07-F8C4CD32BAF6}.Release|iPhone.ActiveCfg = Release|Any CPU
		{225FAA9B-AA4A-40CE-BE07-F8C4CD32BAF6}.Release|iPhone.Build.0 = Release|Any CPU
		{225FAA9B-AA4A-40CE-BE07-F8C4CD32BAF6}.Release|iPhoneSimulator.ActiveCfg = Release|Any CPU
		{225FAA9B-AA4A-40CE-BE07-F8C4CD32BAF6}.Release|iPhoneSimulator.Build.0 = Release|Any CPU
		{225FAA9B-AA4A-40CE-BE07-F8C4CD32BAF6}.Release|x64.ActiveCfg = Release|Any CPU
		{225FAA9B-AA4A-40CE-BE07-F8C4CD32BAF6}.Release|x64.Build.0 = Release|Any CPU
		{225FAA9B-AA4A-40CE-BE07-F8C4CD32BAF6}.Release|x86.ActiveCfg = Release|Any CPU
		{225FAA9B-AA4A-40CE-BE07-F8C4CD32BAF6}.Release|x86.Build.0 = Release|Any CPU
		{7C6E7C5A-C767-40BE-9E0E-D8703E864454}.Ad-Hoc|Any CPU.ActiveCfg = Debug|Any CPU
		{7C6E7C5A-C767-40BE-9E0E-D8703E864454}.Ad-Hoc|Any CPU.Build.0 = Debug|Any CPU
		{7C6E7C5A-C767-40BE-9E0E-D8703E864454}.Ad-Hoc|ARM.ActiveCfg = Debug|Any CPU
		{7C6E7C5A-C767-40BE-9E0E-D8703E864454}.Ad-Hoc|ARM.Build.0 = Debug|Any CPU
		{7C6E7C5A-C767-40BE-9E0E-D8703E864454}.Ad-Hoc|iPhone.ActiveCfg = Debug|Any CPU
		{7C6E7C5A-C767-40BE-9E0E-D8703E864454}.Ad-Hoc|iPhone.Build.0 = Debug|Any CPU
		{7C6E7C5A-C767-40BE-9E0E-D8703E864454}.Ad-Hoc|iPhoneSimulator.ActiveCfg = Debug|Any CPU
		{7C6E7C5A-C767-40BE-9E0E-D8703E864454}.Ad-Hoc|iPhoneSimulator.Build.0 = Debug|Any CPU
		{7C6E7C5A-C767-40BE-9E0E-D8703E864454}.Ad-Hoc|x64.ActiveCfg = Debug|Any CPU
		{7C6E7C5A-C767-40BE-9E0E-D8703E864454}.Ad-Hoc|x64.Build.0 = Debug|Any CPU
		{7C6E7C5A-C767-40BE-9E0E-D8703E864454}.Ad-Hoc|x86.ActiveCfg = Debug|Any CPU
		{7C6E7C5A-C767-40BE-9E0E-D8703E864454}.Ad-Hoc|x86.Build.0 = Debug|Any CPU
		{7C6E7C5A-C767-40BE-9E0E-D8703E864454}.AppStore|Any CPU.ActiveCfg = Debug|Any CPU
		{7C6E7C5A-C767-40BE-9E0E-D8703E864454}.AppStore|Any CPU.Build.0 = Debug|Any CPU
		{7C6E7C5A-C767-40BE-9E0E-D8703E864454}.AppStore|ARM.ActiveCfg = Debug|Any CPU
		{7C6E7C5A-C767-40BE-9E0E-D8703E864454}.AppStore|ARM.Build.0 = Debug|Any CPU
		{7C6E7C5A-C767-40BE-9E0E-D8703E864454}.AppStore|iPhone.ActiveCfg = Debug|Any CPU
		{7C6E7C5A-C767-40BE-9E0E-D8703E864454}.AppStore|iPhone.Build.0 = Debug|Any CPU
		{7C6E7C5A-C767-40BE-9E0E-D8703E864454}.AppStore|iPhoneSimulator.ActiveCfg = Debug|Any CPU
		{7C6E7C5A-C767-40BE-9E0E-D8703E864454}.AppStore|iPhoneSimulator.Build.0 = Debug|Any CPU
		{7C6E7C5A-C767-40BE-9E0E-D8703E864454}.AppStore|x64.ActiveCfg = Debug|Any CPU
		{7C6E7C5A-C767-40BE-9E0E-D8703E864454}.AppStore|x64.Build.0 = Debug|Any CPU
		{7C6E7C5A-C767-40BE-9E0E-D8703E864454}.AppStore|x86.ActiveCfg = Debug|Any CPU
		{7C6E7C5A-C767-40BE-9E0E-D8703E864454}.AppStore|x86.Build.0 = Debug|Any CPU
		{7C6E7C5A-C767-40BE-9E0E-D8703E864454}.Debug|Any CPU.ActiveCfg = Debug|Any CPU
		{7C6E7C5A-C767-40BE-9E0E-D8703E864454}.Debug|Any CPU.Build.0 = Debug|Any CPU
		{7C6E7C5A-C767-40BE-9E0E-D8703E864454}.Debug|ARM.ActiveCfg = Debug|Any CPU
		{7C6E7C5A-C767-40BE-9E0E-D8703E864454}.Debug|ARM.Build.0 = Debug|Any CPU
		{7C6E7C5A-C767-40BE-9E0E-D8703E864454}.Debug|iPhone.ActiveCfg = Debug|Any CPU
		{7C6E7C5A-C767-40BE-9E0E-D8703E864454}.Debug|iPhone.Build.0 = Debug|Any CPU
		{7C6E7C5A-C767-40BE-9E0E-D8703E864454}.Debug|iPhoneSimulator.ActiveCfg = Debug|Any CPU
		{7C6E7C5A-C767-40BE-9E0E-D8703E864454}.Debug|iPhoneSimulator.Build.0 = Debug|Any CPU
		{7C6E7C5A-C767-40BE-9E0E-D8703E864454}.Debug|x64.ActiveCfg = Debug|Any CPU
		{7C6E7C5A-C767-40BE-9E0E-D8703E864454}.Debug|x64.Build.0 = Debug|Any CPU
		{7C6E7C5A-C767-40BE-9E0E-D8703E864454}.Debug|x86.ActiveCfg = Debug|Any CPU
		{7C6E7C5A-C767-40BE-9E0E-D8703E864454}.Debug|x86.Build.0 = Debug|Any CPU
		{7C6E7C5A-C767-40BE-9E0E-D8703E864454}.Release|Any CPU.ActiveCfg = Release|Any CPU
		{7C6E7C5A-C767-40BE-9E0E-D8703E864454}.Release|Any CPU.Build.0 = Release|Any CPU
		{7C6E7C5A-C767-40BE-9E0E-D8703E864454}.Release|ARM.ActiveCfg = Release|Any CPU
		{7C6E7C5A-C767-40BE-9E0E-D8703E864454}.Release|ARM.Build.0 = Release|Any CPU
		{7C6E7C5A-C767-40BE-9E0E-D8703E864454}.Release|iPhone.ActiveCfg = Release|Any CPU
		{7C6E7C5A-C767-40BE-9E0E-D8703E864454}.Release|iPhone.Build.0 = Release|Any CPU
		{7C6E7C5A-C767-40BE-9E0E-D8703E864454}.Release|iPhoneSimulator.ActiveCfg = Release|Any CPU
		{7C6E7C5A-C767-40BE-9E0E-D8703E864454}.Release|iPhoneSimulator.Build.0 = Release|Any CPU
		{7C6E7C5A-C767-40BE-9E0E-D8703E864454}.Release|x64.ActiveCfg = Release|Any CPU
		{7C6E7C5A-C767-40BE-9E0E-D8703E864454}.Release|x64.Build.0 = Release|Any CPU
		{7C6E7C5A-C767-40BE-9E0E-D8703E864454}.Release|x86.ActiveCfg = Release|Any CPU
		{7C6E7C5A-C767-40BE-9E0E-D8703E864454}.Release|x86.Build.0 = Release|Any CPU
		{54B1AF78-C6B0-4578-B197-3B67F0CDD973}.Ad-Hoc|Any CPU.ActiveCfg = Debug|Any CPU
		{54B1AF78-C6B0-4578-B197-3B67F0CDD973}.Ad-Hoc|Any CPU.Build.0 = Debug|Any CPU
		{54B1AF78-C6B0-4578-B197-3B67F0CDD973}.Ad-Hoc|ARM.ActiveCfg = Debug|Any CPU
		{54B1AF78-C6B0-4578-B197-3B67F0CDD973}.Ad-Hoc|ARM.Build.0 = Debug|Any CPU
		{54B1AF78-C6B0-4578-B197-3B67F0CDD973}.Ad-Hoc|iPhone.ActiveCfg = Debug|Any CPU
		{54B1AF78-C6B0-4578-B197-3B67F0CDD973}.Ad-Hoc|iPhone.Build.0 = Debug|Any CPU
		{54B1AF78-C6B0-4578-B197-3B67F0CDD973}.Ad-Hoc|iPhoneSimulator.ActiveCfg = Debug|Any CPU
		{54B1AF78-C6B0-4578-B197-3B67F0CDD973}.Ad-Hoc|iPhoneSimulator.Build.0 = Debug|Any CPU
		{54B1AF78-C6B0-4578-B197-3B67F0CDD973}.Ad-Hoc|x64.ActiveCfg = Debug|Any CPU
		{54B1AF78-C6B0-4578-B197-3B67F0CDD973}.Ad-Hoc|x64.Build.0 = Debug|Any CPU
		{54B1AF78-C6B0-4578-B197-3B67F0CDD973}.Ad-Hoc|x86.ActiveCfg = Debug|Any CPU
		{54B1AF78-C6B0-4578-B197-3B67F0CDD973}.Ad-Hoc|x86.Build.0 = Debug|Any CPU
		{54B1AF78-C6B0-4578-B197-3B67F0CDD973}.AppStore|Any CPU.ActiveCfg = Debug|Any CPU
		{54B1AF78-C6B0-4578-B197-3B67F0CDD973}.AppStore|Any CPU.Build.0 = Debug|Any CPU
		{54B1AF78-C6B0-4578-B197-3B67F0CDD973}.AppStore|ARM.ActiveCfg = Debug|Any CPU
		{54B1AF78-C6B0-4578-B197-3B67F0CDD973}.AppStore|ARM.Build.0 = Debug|Any CPU
		{54B1AF78-C6B0-4578-B197-3B67F0CDD973}.AppStore|iPhone.ActiveCfg = Debug|Any CPU
		{54B1AF78-C6B0-4578-B197-3B67F0CDD973}.AppStore|iPhone.Build.0 = Debug|Any CPU
		{54B1AF78-C6B0-4578-B197-3B67F0CDD973}.AppStore|iPhoneSimulator.ActiveCfg = Debug|Any CPU
		{54B1AF78-C6B0-4578-B197-3B67F0CDD973}.AppStore|iPhoneSimulator.Build.0 = Debug|Any CPU
		{54B1AF78-C6B0-4578-B197-3B67F0CDD973}.AppStore|x64.ActiveCfg = Debug|Any CPU
		{54B1AF78-C6B0-4578-B197-3B67F0CDD973}.AppStore|x64.Build.0 = Debug|Any CPU
		{54B1AF78-C6B0-4578-B197-3B67F0CDD973}.AppStore|x86.ActiveCfg = Debug|Any CPU
		{54B1AF78-C6B0-4578-B197-3B67F0CDD973}.AppStore|x86.Build.0 = Debug|Any CPU
		{54B1AF78-C6B0-4578-B197-3B67F0CDD973}.Debug|Any CPU.ActiveCfg = Debug|Any CPU
		{54B1AF78-C6B0-4578-B197-3B67F0CDD973}.Debug|Any CPU.Build.0 = Debug|Any CPU
		{54B1AF78-C6B0-4578-B197-3B67F0CDD973}.Debug|ARM.ActiveCfg = Debug|Any CPU
		{54B1AF78-C6B0-4578-B197-3B67F0CDD973}.Debug|ARM.Build.0 = Debug|Any CPU
		{54B1AF78-C6B0-4578-B197-3B67F0CDD973}.Debug|iPhone.ActiveCfg = Debug|Any CPU
		{54B1AF78-C6B0-4578-B197-3B67F0CDD973}.Debug|iPhone.Build.0 = Debug|Any CPU
		{54B1AF78-C6B0-4578-B197-3B67F0CDD973}.Debug|iPhoneSimulator.ActiveCfg = Debug|Any CPU
		{54B1AF78-C6B0-4578-B197-3B67F0CDD973}.Debug|iPhoneSimulator.Build.0 = Debug|Any CPU
		{54B1AF78-C6B0-4578-B197-3B67F0CDD973}.Debug|x64.ActiveCfg = Debug|Any CPU
		{54B1AF78-C6B0-4578-B197-3B67F0CDD973}.Debug|x64.Build.0 = Debug|Any CPU
		{54B1AF78-C6B0-4578-B197-3B67F0CDD973}.Debug|x86.ActiveCfg = Debug|Any CPU
		{54B1AF78-C6B0-4578-B197-3B67F0CDD973}.Debug|x86.Build.0 = Debug|Any CPU
		{54B1AF78-C6B0-4578-B197-3B67F0CDD973}.Release|Any CPU.ActiveCfg = Release|Any CPU
		{54B1AF78-C6B0-4578-B197-3B67F0CDD973}.Release|Any CPU.Build.0 = Release|Any CPU
		{54B1AF78-C6B0-4578-B197-3B67F0CDD973}.Release|ARM.ActiveCfg = Release|Any CPU
		{54B1AF78-C6B0-4578-B197-3B67F0CDD973}.Release|ARM.Build.0 = Release|Any CPU
		{54B1AF78-C6B0-4578-B197-3B67F0CDD973}.Release|iPhone.ActiveCfg = Release|Any CPU
		{54B1AF78-C6B0-4578-B197-3B67F0CDD973}.Release|iPhone.Build.0 = Release|Any CPU
		{54B1AF78-C6B0-4578-B197-3B67F0CDD973}.Release|iPhoneSimulator.ActiveCfg = Release|Any CPU
		{54B1AF78-C6B0-4578-B197-3B67F0CDD973}.Release|iPhoneSimulator.Build.0 = Release|Any CPU
		{54B1AF78-C6B0-4578-B197-3B67F0CDD973}.Release|x64.ActiveCfg = Release|Any CPU
		{54B1AF78-C6B0-4578-B197-3B67F0CDD973}.Release|x64.Build.0 = Release|Any CPU
		{54B1AF78-C6B0-4578-B197-3B67F0CDD973}.Release|x86.ActiveCfg = Release|Any CPU
		{54B1AF78-C6B0-4578-B197-3B67F0CDD973}.Release|x86.Build.0 = Release|Any CPU
	EndGlobalSection
	GlobalSection(SolutionProperties) = preSolution
		HideSolutionNode = FALSE
	EndGlobalSection
	GlobalSection(ExtensibilityGlobals) = postSolution
		SolutionGuid = {FD01EEDC-E280-4AE4-9E7A-789CF8309E58}
	EndGlobalSection
EndGlobal
